
Microsoft Visual Studio Solution File, Format Version 12.00
# Visual Studio 14
VisualStudioVersion = 14.0.23107.0
MinimumVisualStudioVersion = 10.0.40219.1
Project("{2150E333-8FDC-42A3-9474-1A3956D46DE8}") = "00. Modeling and Design(设计与架构)", "00. Modeling and Design(设计与架构)", "{721B942A-7F3B-4BA3-B065-4C0AFC24CC14}"
EndProject
Project("{2150E333-8FDC-42A3-9474-1A3956D46DE8}") = "01. Presentation Layer(展现层)", "01. Presentation Layer(展现层)", "{774FC20D-EE40-4067-806B-FC6C54961C34}"
EndProject
Project("{2150E333-8FDC-42A3-9474-1A3956D46DE8}") = "03. ViewModel Layer(衔接辅助层)", "03. ViewModel Layer(衔接辅助层)", "{B517FCF9-34DD-4947-B619-0F13E2108238}"
EndProject
Project("{2150E333-8FDC-42A3-9474-1A3956D46DE8}") = "08. Infrastructure Layer(基础设施层)", "08. Infrastructure Layer(基础设施层)", "{F3D96ECC-B256-41FC-B791-B4F12D15788D}"
EndProject
Project("{2150E333-8FDC-42A3-9474-1A3956D46DE8}") = "11. ReferenceLib(框架组件引用)", "11. ReferenceLib(框架组件引用)", "{8B39D10B-6194-4C39-A982-61B723A6A599}"
EndProject
Project("{2150E333-8FDC-42A3-9474-1A3956D46DE8}") = "12. Test(测试信息)", "12. Test(测试信息)", "{A58D7EEA-2423-475A-ACDF-582B5CBD479F}"
EndProject
Project("{2150E333-8FDC-42A3-9474-1A3956D46DE8}") = "13. Solution Items(开发文档)", "13. Solution Items(开发文档)", "{6BB4EBBD-34F2-4293-BC6F-B3AE03EAA2C6}"
EndProject
Project("{2150E333-8FDC-42A3-9474-1A3956D46DE8}") = "14. Publish(发布版本)", "14. Publish(发布版本)", "{74DE70EC-3ED4-4707-9F31-6565A960E073}"
EndProject
Project("{2150E333-8FDC-42A3-9474-1A3956D46DE8}") = "1.1 UControls(用户控件)", "1.1 UControls(用户控件)", "{CB3893D0-BE30-4966-84D0-85B7EFCF91CE}"
EndProject
Project("{2150E333-8FDC-42A3-9474-1A3956D46DE8}") = "1.2 Modules(业务模块)", "1.2 Modules(业务模块)", "{6410A114-190E-4C0A-80ED-8F797DCFFC5D}"
EndProject
Project("{2150E333-8FDC-42A3-9474-1A3956D46DE8}") = "1.3 Addons(附加组件)", "1.3 Addons(附加组件)", "{34208F4A-9419-491A-827A-BE996CFD85FF}"
EndProject
Project("{FAE04EC0-301F-11D3-BF4B-00C04F79EFBC}") = "Xceed.Wpf.AvalonDock", "ReferenceLib\AvalonDock\Xceed.Wpf.AvalonDock\Xceed.Wpf.AvalonDock.csproj", "{DB81988F-E0F2-45A0-A1FD-8C37F3D35244}"
EndProject
Project("{FAE04EC0-301F-11D3-BF4B-00C04F79EFBC}") = "Xceed.Wpf.AvalonDock.Themes.Aero", "ReferenceLib\AvalonDock\Xceed.Wpf.AvalonDock.Themes.Aero\Xceed.Wpf.AvalonDock.Themes.Aero.csproj", "{BA72CCE0-A9FB-4995-B496-7FEC5C87B85B}"
EndProject
Project("{FAE04EC0-301F-11D3-BF4B-00C04F79EFBC}") = "Xceed.Wpf.AvalonDock.Themes.Expression", "ReferenceLib\AvalonDock\Xceed.Wpf.AvalonDock.Themes.Expression\Xceed.Wpf.AvalonDock.Themes.Expression.csproj", "{488DD8F7-9D3C-4F53-BD1F-84A095D9BC10}"
EndProject
Project("{FAE04EC0-301F-11D3-BF4B-00C04F79EFBC}") = "Xceed.Wpf.AvalonDock.Themes.Metro", "ReferenceLib\AvalonDock\Xceed.Wpf.AvalonDock.Themes.Metro\Xceed.Wpf.AvalonDock.Themes.Metro.csproj", "{89286EB4-B4A1-418C-839A-067B00F442D8}"
EndProject
Project("{FAE04EC0-301F-11D3-BF4B-00C04F79EFBC}") = "Xceed.Wpf.AvalonDock.Themes.VS2010", "ReferenceLib\AvalonDock\Xceed.Wpf.AvalonDock.Themes.VS2010\Xceed.Wpf.AvalonDock.Themes.VS2010.csproj", "{B3FC3E21-5F2D-4581-AEA2-59F671CFFC21}"
EndProject
Project("{2150E333-8FDC-42A3-9474-1A3956D46DE8}") = "AvalonDock", "AvalonDock", "{4D7FABE4-EE0B-4856-B411-5AC11913396D}"
EndProject
Project("{2150E333-8FDC-42A3-9474-1A3956D46DE8}") = "AvalonEdit", "AvalonEdit", "{02B93F28-A4E5-4B66-A9EC-AF7764CE95B2}"
EndProject
Project("{FAE04EC0-301F-11D3-BF4B-00C04F79EFBC}") = "ICSharpCode.AvalonEdit", "ReferenceLib\AvalonEdit\ICSharpCode.AvalonEdit\ICSharpCode.AvalonEdit.csproj", "{6C55B776-26D4-4DB3-A6AB-87E783B2F3D1}"
EndProject
Project("{2150E333-8FDC-42A3-9474-1A3956D46DE8}") = "Fluent.Ribbon", "Fluent.Ribbon", "{52343ACE-4C9C-4C9F-B99A-6D44FC616466}"
EndProject
Project("{2150E333-8FDC-42A3-9474-1A3956D46DE8}") = "NRefactory", "NRefactory", "{3CD931A4-52E3-4E38-8A0C-8F84CFCE6B41}"
EndProject
Project("{FAE04EC0-301F-11D3-BF4B-00C04F79EFBC}") = "ICSharpCode.NRefactory", "ReferenceLib\NRefactory\ICSharpCode.NRefactory\ICSharpCode.NRefactory.csproj", "{3B2A5653-EC97-4001-BB9B-D90F1AF2C371}"
EndProject
Project("{FAE04EC0-301F-11D3-BF4B-00C04F79EFBC}") = "Fluent", "ReferenceLib\Fluent.Ribbon\Fluent\Fluent.csproj", "{281095D8-D8B3-4A7F-8896-646483FB685C}"
EndProject
Project("{2150E333-8FDC-42A3-9474-1A3956D46DE8}") = "WPFVisifire", "WPFVisifire", "{E7086053-78C7-4BAC-8FE4-BD6EB52CDEF5}"
EndProject
Project("{FAE04EC0-301F-11D3-BF4B-00C04F79EFBC}") = "WPFVisifireCharts", "ReferenceLib\WPFVisifire\WPFVisifireCharts.csproj", "{CF8E563B-5C37-47C3-8431-056EE13E6A00}"
EndProject
Project("{FAE04EC0-301F-11D3-BF4B-00C04F79EFBC}") = "ReflectionStudio.Common", "ReflectionStudio.Common\ReflectionStudio.Common.csproj", "{EACA540A-1EC6-4C64-8264-AA6EF46FC84A}"
EndProject
Project("{FAE04EC0-301F-11D3-BF4B-00C04F79EFBC}") = "ReflectionStudio", "ReflectionStudio\ReflectionStudio.csproj", "{BC92050E-648D-4FF2-BFF5-81A6B0108DBF}"
EndProject
Project("{FAE04EC0-301F-11D3-BF4B-00C04F79EFBC}") = "Infrastructure.Settings", "Infrastructure\Infrastructure.Settings\Infrastructure.Settings.csproj", "{609B2B1F-2817-4898-BEF2-500BA739CE20}"
EndProject
Project("{FAE04EC0-301F-11D3-BF4B-00C04F79EFBC}") = "Localization", "Localization\Localization.csproj", "{0B6B01BE-7ED5-483C-AB2F-2D78AB325C5E}"
EndProject
Project("{FAE04EC0-301F-11D3-BF4B-00C04F79EFBC}") = "ReflectionStudio.Modules.LoginModule", "ReflectionStudio.Modules.LoginModule\ReflectionStudio.Modules.LoginModule.csproj", "{2D260CCA-E452-4E99-90CE-9C1CBBEC09B5}"
EndProject
Project("{FAE04EC0-301F-11D3-BF4B-00C04F79EFBC}") = "ReflectionStudio.Modules.NavigationModule", "ReflectionStudio.Modules.NavigationModule\ReflectionStudio.Modules.NavigationModule.csproj", "{62898F6A-A098-45A8-B6F7-FA8C125A51D0}"
EndProject
Global
	GlobalSection(SolutionConfigurationPlatforms) = preSolution
		Debug|Any CPU = Debug|Any CPU
		Debug|Net35 = Debug|Net35
		Debug|Net40 = Debug|Net40
		Debug|WithNRefactory = Debug|WithNRefactory
		net_4_5_Debug|Any CPU = net_4_5_Debug|Any CPU
		net_4_5_Debug|Net35 = net_4_5_Debug|Net35
		net_4_5_Debug|Net40 = net_4_5_Debug|Net40
		net_4_5_Debug|WithNRefactory = net_4_5_Debug|WithNRefactory
		net_4_5_Release|Any CPU = net_4_5_Release|Any CPU
		net_4_5_Release|Net35 = net_4_5_Release|Net35
		net_4_5_Release|Net40 = net_4_5_Release|Net40
		net_4_5_Release|WithNRefactory = net_4_5_Release|WithNRefactory
		Release|Any CPU = Release|Any CPU
		Release|Net35 = Release|Net35
		Release|Net40 = Release|Net40
		Release|WithNRefactory = Release|WithNRefactory
		Silverlight|Any CPU = Silverlight|Any CPU
		Silverlight|Net35 = Silverlight|Net35
		Silverlight|Net40 = Silverlight|Net40
		Silverlight|WithNRefactory = Silverlight|WithNRefactory
		WPF|Any CPU = WPF|Any CPU
		WPF|Net35 = WPF|Net35
		WPF|Net40 = WPF|Net40
		WPF|WithNRefactory = WPF|WithNRefactory
	EndGlobalSection
	GlobalSection(ProjectConfigurationPlatforms) = postSolution
		{DB81988F-E0F2-45A0-A1FD-8C37F3D35244}.Debug|Any CPU.ActiveCfg = Debug|Any CPU
		{DB81988F-E0F2-45A0-A1FD-8C37F3D35244}.Debug|Any CPU.Build.0 = Debug|Any CPU
		{DB81988F-E0F2-45A0-A1FD-8C37F3D35244}.Debug|Net35.ActiveCfg = Debug|Any CPU
		{DB81988F-E0F2-45A0-A1FD-8C37F3D35244}.Debug|Net35.Build.0 = Debug|Any CPU
		{DB81988F-E0F2-45A0-A1FD-8C37F3D35244}.Debug|Net40.ActiveCfg = Debug|Any CPU
		{DB81988F-E0F2-45A0-A1FD-8C37F3D35244}.Debug|Net40.Build.0 = Debug|Any CPU
		{DB81988F-E0F2-45A0-A1FD-8C37F3D35244}.Debug|WithNRefactory.ActiveCfg = Debug|Any CPU
		{DB81988F-E0F2-45A0-A1FD-8C37F3D35244}.Debug|WithNRefactory.Build.0 = Debug|Any CPU
		{DB81988F-E0F2-45A0-A1FD-8C37F3D35244}.net_4_5_Debug|Any CPU.ActiveCfg = Debug|Any CPU
		{DB81988F-E0F2-45A0-A1FD-8C37F3D35244}.net_4_5_Debug|Any CPU.Build.0 = Debug|Any CPU
		{DB81988F-E0F2-45A0-A1FD-8C37F3D35244}.net_4_5_Debug|Net35.ActiveCfg = Debug|Any CPU
		{DB81988F-E0F2-45A0-A1FD-8C37F3D35244}.net_4_5_Debug|Net35.Build.0 = Debug|Any CPU
		{DB81988F-E0F2-45A0-A1FD-8C37F3D35244}.net_4_5_Debug|Net40.ActiveCfg = Debug|Any CPU
		{DB81988F-E0F2-45A0-A1FD-8C37F3D35244}.net_4_5_Debug|Net40.Build.0 = Debug|Any CPU
		{DB81988F-E0F2-45A0-A1FD-8C37F3D35244}.net_4_5_Debug|WithNRefactory.ActiveCfg = Debug|Any CPU
		{DB81988F-E0F2-45A0-A1FD-8C37F3D35244}.net_4_5_Debug|WithNRefactory.Build.0 = Debug|Any CPU
		{DB81988F-E0F2-45A0-A1FD-8C37F3D35244}.net_4_5_Release|Any CPU.ActiveCfg = Release|Any CPU
		{DB81988F-E0F2-45A0-A1FD-8C37F3D35244}.net_4_5_Release|Any CPU.Build.0 = Release|Any CPU
		{DB81988F-E0F2-45A0-A1FD-8C37F3D35244}.net_4_5_Release|Net35.ActiveCfg = Release|Any CPU
		{DB81988F-E0F2-45A0-A1FD-8C37F3D35244}.net_4_5_Release|Net35.Build.0 = Release|Any CPU
		{DB81988F-E0F2-45A0-A1FD-8C37F3D35244}.net_4_5_Release|Net40.ActiveCfg = Release|Any CPU
		{DB81988F-E0F2-45A0-A1FD-8C37F3D35244}.net_4_5_Release|Net40.Build.0 = Release|Any CPU
		{DB81988F-E0F2-45A0-A1FD-8C37F3D35244}.net_4_5_Release|WithNRefactory.ActiveCfg = Release|Any CPU
		{DB81988F-E0F2-45A0-A1FD-8C37F3D35244}.net_4_5_Release|WithNRefactory.Build.0 = Release|Any CPU
		{DB81988F-E0F2-45A0-A1FD-8C37F3D35244}.Release|Any CPU.ActiveCfg = Release|Any CPU
		{DB81988F-E0F2-45A0-A1FD-8C37F3D35244}.Release|Any CPU.Build.0 = Release|Any CPU
		{DB81988F-E0F2-45A0-A1FD-8C37F3D35244}.Release|Net35.ActiveCfg = Release|Any CPU
		{DB81988F-E0F2-45A0-A1FD-8C37F3D35244}.Release|Net35.Build.0 = Release|Any CPU
		{DB81988F-E0F2-45A0-A1FD-8C37F3D35244}.Release|Net40.ActiveCfg = Release|Any CPU
		{DB81988F-E0F2-45A0-A1FD-8C37F3D35244}.Release|Net40.Build.0 = Release|Any CPU
		{DB81988F-E0F2-45A0-A1FD-8C37F3D35244}.Release|WithNRefactory.ActiveCfg = Release|Any CPU
		{DB81988F-E0F2-45A0-A1FD-8C37F3D35244}.Release|WithNRefactory.Build.0 = Release|Any CPU
		{DB81988F-E0F2-45A0-A1FD-8C37F3D35244}.Silverlight|Any CPU.ActiveCfg = Release|Any CPU
		{DB81988F-E0F2-45A0-A1FD-8C37F3D35244}.Silverlight|Any CPU.Build.0 = Release|Any CPU
		{DB81988F-E0F2-45A0-A1FD-8C37F3D35244}.Silverlight|Net35.ActiveCfg = Release|Any CPU
		{DB81988F-E0F2-45A0-A1FD-8C37F3D35244}.Silverlight|Net35.Build.0 = Release|Any CPU
		{DB81988F-E0F2-45A0-A1FD-8C37F3D35244}.Silverlight|Net40.ActiveCfg = Release|Any CPU
		{DB81988F-E0F2-45A0-A1FD-8C37F3D35244}.Silverlight|Net40.Build.0 = Release|Any CPU
		{DB81988F-E0F2-45A0-A1FD-8C37F3D35244}.Silverlight|WithNRefactory.ActiveCfg = Release|Any CPU
		{DB81988F-E0F2-45A0-A1FD-8C37F3D35244}.Silverlight|WithNRefactory.Build.0 = Release|Any CPU
		{DB81988F-E0F2-45A0-A1FD-8C37F3D35244}.WPF|Any CPU.ActiveCfg = Release|Any CPU
		{DB81988F-E0F2-45A0-A1FD-8C37F3D35244}.WPF|Any CPU.Build.0 = Release|Any CPU
		{DB81988F-E0F2-45A0-A1FD-8C37F3D35244}.WPF|Net35.ActiveCfg = Release|Any CPU
		{DB81988F-E0F2-45A0-A1FD-8C37F3D35244}.WPF|Net35.Build.0 = Release|Any CPU
		{DB81988F-E0F2-45A0-A1FD-8C37F3D35244}.WPF|Net40.ActiveCfg = Release|Any CPU
		{DB81988F-E0F2-45A0-A1FD-8C37F3D35244}.WPF|Net40.Build.0 = Release|Any CPU
		{DB81988F-E0F2-45A0-A1FD-8C37F3D35244}.WPF|WithNRefactory.ActiveCfg = Release|Any CPU
		{DB81988F-E0F2-45A0-A1FD-8C37F3D35244}.WPF|WithNRefactory.Build.0 = Release|Any CPU
		{BA72CCE0-A9FB-4995-B496-7FEC5C87B85B}.Debug|Any CPU.ActiveCfg = Debug|Any CPU
		{BA72CCE0-A9FB-4995-B496-7FEC5C87B85B}.Debug|Any CPU.Build.0 = Debug|Any CPU
		{BA72CCE0-A9FB-4995-B496-7FEC5C87B85B}.Debug|Net35.ActiveCfg = Debug|Any CPU
		{BA72CCE0-A9FB-4995-B496-7FEC5C87B85B}.Debug|Net35.Build.0 = Debug|Any CPU
		{BA72CCE0-A9FB-4995-B496-7FEC5C87B85B}.Debug|Net40.ActiveCfg = Debug|Any CPU
		{BA72CCE0-A9FB-4995-B496-7FEC5C87B85B}.Debug|Net40.Build.0 = Debug|Any CPU
		{BA72CCE0-A9FB-4995-B496-7FEC5C87B85B}.Debug|WithNRefactory.ActiveCfg = Debug|Any CPU
		{BA72CCE0-A9FB-4995-B496-7FEC5C87B85B}.Debug|WithNRefactory.Build.0 = Debug|Any CPU
		{BA72CCE0-A9FB-4995-B496-7FEC5C87B85B}.net_4_5_Debug|Any CPU.ActiveCfg = Debug|Any CPU
		{BA72CCE0-A9FB-4995-B496-7FEC5C87B85B}.net_4_5_Debug|Any CPU.Build.0 = Debug|Any CPU
		{BA72CCE0-A9FB-4995-B496-7FEC5C87B85B}.net_4_5_Debug|Net35.ActiveCfg = Debug|Any CPU
		{BA72CCE0-A9FB-4995-B496-7FEC5C87B85B}.net_4_5_Debug|Net35.Build.0 = Debug|Any CPU
		{BA72CCE0-A9FB-4995-B496-7FEC5C87B85B}.net_4_5_Debug|Net40.ActiveCfg = Debug|Any CPU
		{BA72CCE0-A9FB-4995-B496-7FEC5C87B85B}.net_4_5_Debug|Net40.Build.0 = Debug|Any CPU
		{BA72CCE0-A9FB-4995-B496-7FEC5C87B85B}.net_4_5_Debug|WithNRefactory.ActiveCfg = Debug|Any CPU
		{BA72CCE0-A9FB-4995-B496-7FEC5C87B85B}.net_4_5_Debug|WithNRefactory.Build.0 = Debug|Any CPU
		{BA72CCE0-A9FB-4995-B496-7FEC5C87B85B}.net_4_5_Release|Any CPU.ActiveCfg = Release|Any CPU
		{BA72CCE0-A9FB-4995-B496-7FEC5C87B85B}.net_4_5_Release|Any CPU.Build.0 = Release|Any CPU
		{BA72CCE0-A9FB-4995-B496-7FEC5C87B85B}.net_4_5_Release|Net35.ActiveCfg = Release|Any CPU
		{BA72CCE0-A9FB-4995-B496-7FEC5C87B85B}.net_4_5_Release|Net35.Build.0 = Release|Any CPU
		{BA72CCE0-A9FB-4995-B496-7FEC5C87B85B}.net_4_5_Release|Net40.ActiveCfg = Release|Any CPU
		{BA72CCE0-A9FB-4995-B496-7FEC5C87B85B}.net_4_5_Release|Net40.Build.0 = Release|Any CPU
		{BA72CCE0-A9FB-4995-B496-7FEC5C87B85B}.net_4_5_Release|WithNRefactory.ActiveCfg = Release|Any CPU
		{BA72CCE0-A9FB-4995-B496-7FEC5C87B85B}.net_4_5_Release|WithNRefactory.Build.0 = Release|Any CPU
		{BA72CCE0-A9FB-4995-B496-7FEC5C87B85B}.Release|Any CPU.ActiveCfg = Release|Any CPU
		{BA72CCE0-A9FB-4995-B496-7FEC5C87B85B}.Release|Any CPU.Build.0 = Release|Any CPU
		{BA72CCE0-A9FB-4995-B496-7FEC5C87B85B}.Release|Net35.ActiveCfg = Release|Any CPU
		{BA72CCE0-A9FB-4995-B496-7FEC5C87B85B}.Release|Net35.Build.0 = Release|Any CPU
		{BA72CCE0-A9FB-4995-B496-7FEC5C87B85B}.Release|Net40.ActiveCfg = Release|Any CPU
		{BA72CCE0-A9FB-4995-B496-7FEC5C87B85B}.Release|Net40.Build.0 = Release|Any CPU
		{BA72CCE0-A9FB-4995-B496-7FEC5C87B85B}.Release|WithNRefactory.ActiveCfg = Release|Any CPU
		{BA72CCE0-A9FB-4995-B496-7FEC5C87B85B}.Release|WithNRefactory.Build.0 = Release|Any CPU
		{BA72CCE0-A9FB-4995-B496-7FEC5C87B85B}.Silverlight|Any CPU.ActiveCfg = Release|Any CPU
		{BA72CCE0-A9FB-4995-B496-7FEC5C87B85B}.Silverlight|Any CPU.Build.0 = Release|Any CPU
		{BA72CCE0-A9FB-4995-B496-7FEC5C87B85B}.Silverlight|Net35.ActiveCfg = Release|Any CPU
		{BA72CCE0-A9FB-4995-B496-7FEC5C87B85B}.Silverlight|Net35.Build.0 = Release|Any CPU
		{BA72CCE0-A9FB-4995-B496-7FEC5C87B85B}.Silverlight|Net40.ActiveCfg = Release|Any CPU
		{BA72CCE0-A9FB-4995-B496-7FEC5C87B85B}.Silverlight|Net40.Build.0 = Release|Any CPU
		{BA72CCE0-A9FB-4995-B496-7FEC5C87B85B}.Silverlight|WithNRefactory.ActiveCfg = Release|Any CPU
		{BA72CCE0-A9FB-4995-B496-7FEC5C87B85B}.Silverlight|WithNRefactory.Build.0 = Release|Any CPU
		{BA72CCE0-A9FB-4995-B496-7FEC5C87B85B}.WPF|Any CPU.ActiveCfg = Release|Any CPU
		{BA72CCE0-A9FB-4995-B496-7FEC5C87B85B}.WPF|Any CPU.Build.0 = Release|Any CPU
		{BA72CCE0-A9FB-4995-B496-7FEC5C87B85B}.WPF|Net35.ActiveCfg = Release|Any CPU
		{BA72CCE0-A9FB-4995-B496-7FEC5C87B85B}.WPF|Net35.Build.0 = Release|Any CPU
		{BA72CCE0-A9FB-4995-B496-7FEC5C87B85B}.WPF|Net40.ActiveCfg = Release|Any CPU
		{BA72CCE0-A9FB-4995-B496-7FEC5C87B85B}.WPF|Net40.Build.0 = Release|Any CPU
		{BA72CCE0-A9FB-4995-B496-7FEC5C87B85B}.WPF|WithNRefactory.ActiveCfg = Release|Any CPU
		{BA72CCE0-A9FB-4995-B496-7FEC5C87B85B}.WPF|WithNRefactory.Build.0 = Release|Any CPU
		{488DD8F7-9D3C-4F53-BD1F-84A095D9BC10}.Debug|Any CPU.ActiveCfg = Debug|Any CPU
		{488DD8F7-9D3C-4F53-BD1F-84A095D9BC10}.Debug|Any CPU.Build.0 = Debug|Any CPU
		{488DD8F7-9D3C-4F53-BD1F-84A095D9BC10}.Debug|Net35.ActiveCfg = Debug|Any CPU
		{488DD8F7-9D3C-4F53-BD1F-84A095D9BC10}.Debug|Net35.Build.0 = Debug|Any CPU
		{488DD8F7-9D3C-4F53-BD1F-84A095D9BC10}.Debug|Net40.ActiveCfg = Debug|Any CPU
		{488DD8F7-9D3C-4F53-BD1F-84A095D9BC10}.Debug|Net40.Build.0 = Debug|Any CPU
		{488DD8F7-9D3C-4F53-BD1F-84A095D9BC10}.Debug|WithNRefactory.ActiveCfg = Debug|Any CPU
		{488DD8F7-9D3C-4F53-BD1F-84A095D9BC10}.Debug|WithNRefactory.Build.0 = Debug|Any CPU
		{488DD8F7-9D3C-4F53-BD1F-84A095D9BC10}.net_4_5_Debug|Any CPU.ActiveCfg = Debug|Any CPU
		{488DD8F7-9D3C-4F53-BD1F-84A095D9BC10}.net_4_5_Debug|Any CPU.Build.0 = Debug|Any CPU
		{488DD8F7-9D3C-4F53-BD1F-84A095D9BC10}.net_4_5_Debug|Net35.ActiveCfg = Debug|Any CPU
		{488DD8F7-9D3C-4F53-BD1F-84A095D9BC10}.net_4_5_Debug|Net35.Build.0 = Debug|Any CPU
		{488DD8F7-9D3C-4F53-BD1F-84A095D9BC10}.net_4_5_Debug|Net40.ActiveCfg = Debug|Any CPU
		{488DD8F7-9D3C-4F53-BD1F-84A095D9BC10}.net_4_5_Debug|Net40.Build.0 = Debug|Any CPU
		{488DD8F7-9D3C-4F53-BD1F-84A095D9BC10}.net_4_5_Debug|WithNRefactory.ActiveCfg = Debug|Any CPU
		{488DD8F7-9D3C-4F53-BD1F-84A095D9BC10}.net_4_5_Debug|WithNRefactory.Build.0 = Debug|Any CPU
		{488DD8F7-9D3C-4F53-BD1F-84A095D9BC10}.net_4_5_Release|Any CPU.ActiveCfg = Release|Any CPU
		{488DD8F7-9D3C-4F53-BD1F-84A095D9BC10}.net_4_5_Release|Any CPU.Build.0 = Release|Any CPU
		{488DD8F7-9D3C-4F53-BD1F-84A095D9BC10}.net_4_5_Release|Net35.ActiveCfg = Release|Any CPU
		{488DD8F7-9D3C-4F53-BD1F-84A095D9BC10}.net_4_5_Release|Net35.Build.0 = Release|Any CPU
		{488DD8F7-9D3C-4F53-BD1F-84A095D9BC10}.net_4_5_Release|Net40.ActiveCfg = Release|Any CPU
		{488DD8F7-9D3C-4F53-BD1F-84A095D9BC10}.net_4_5_Release|Net40.Build.0 = Release|Any CPU
		{488DD8F7-9D3C-4F53-BD1F-84A095D9BC10}.net_4_5_Release|WithNRefactory.ActiveCfg = Release|Any CPU
		{488DD8F7-9D3C-4F53-BD1F-84A095D9BC10}.net_4_5_Release|WithNRefactory.Build.0 = Release|Any CPU
		{488DD8F7-9D3C-4F53-BD1F-84A095D9BC10}.Release|Any CPU.ActiveCfg = Release|Any CPU
		{488DD8F7-9D3C-4F53-BD1F-84A095D9BC10}.Release|Any CPU.Build.0 = Release|Any CPU
		{488DD8F7-9D3C-4F53-BD1F-84A095D9BC10}.Release|Net35.ActiveCfg = Release|Any CPU
		{488DD8F7-9D3C-4F53-BD1F-84A095D9BC10}.Release|Net35.Build.0 = Release|Any CPU
		{488DD8F7-9D3C-4F53-BD1F-84A095D9BC10}.Release|Net40.ActiveCfg = Release|Any CPU
		{488DD8F7-9D3C-4F53-BD1F-84A095D9BC10}.Release|Net40.Build.0 = Release|Any CPU
		{488DD8F7-9D3C-4F53-BD1F-84A095D9BC10}.Release|WithNRefactory.ActiveCfg = Release|Any CPU
		{488DD8F7-9D3C-4F53-BD1F-84A095D9BC10}.Release|WithNRefactory.Build.0 = Release|Any CPU
		{488DD8F7-9D3C-4F53-BD1F-84A095D9BC10}.Silverlight|Any CPU.ActiveCfg = Release|Any CPU
		{488DD8F7-9D3C-4F53-BD1F-84A095D9BC10}.Silverlight|Any CPU.Build.0 = Release|Any CPU
		{488DD8F7-9D3C-4F53-BD1F-84A095D9BC10}.Silverlight|Net35.ActiveCfg = Release|Any CPU
		{488DD8F7-9D3C-4F53-BD1F-84A095D9BC10}.Silverlight|Net35.Build.0 = Release|Any CPU
		{488DD8F7-9D3C-4F53-BD1F-84A095D9BC10}.Silverlight|Net40.ActiveCfg = Release|Any CPU
		{488DD8F7-9D3C-4F53-BD1F-84A095D9BC10}.Silverlight|Net40.Build.0 = Release|Any CPU
		{488DD8F7-9D3C-4F53-BD1F-84A095D9BC10}.Silverlight|WithNRefactory.ActiveCfg = Release|Any CPU
		{488DD8F7-9D3C-4F53-BD1F-84A095D9BC10}.Silverlight|WithNRefactory.Build.0 = Release|Any CPU
		{488DD8F7-9D3C-4F53-BD1F-84A095D9BC10}.WPF|Any CPU.ActiveCfg = Release|Any CPU
		{488DD8F7-9D3C-4F53-BD1F-84A095D9BC10}.WPF|Any CPU.Build.0 = Release|Any CPU
		{488DD8F7-9D3C-4F53-BD1F-84A095D9BC10}.WPF|Net35.ActiveCfg = Release|Any CPU
		{488DD8F7-9D3C-4F53-BD1F-84A095D9BC10}.WPF|Net35.Build.0 = Release|Any CPU
		{488DD8F7-9D3C-4F53-BD1F-84A095D9BC10}.WPF|Net40.ActiveCfg = Release|Any CPU
		{488DD8F7-9D3C-4F53-BD1F-84A095D9BC10}.WPF|Net40.Build.0 = Release|Any CPU
		{488DD8F7-9D3C-4F53-BD1F-84A095D9BC10}.WPF|WithNRefactory.ActiveCfg = Release|Any CPU
		{488DD8F7-9D3C-4F53-BD1F-84A095D9BC10}.WPF|WithNRefactory.Build.0 = Release|Any CPU
		{89286EB4-B4A1-418C-839A-067B00F442D8}.Debug|Any CPU.ActiveCfg = Debug|Any CPU
		{89286EB4-B4A1-418C-839A-067B00F442D8}.Debug|Any CPU.Build.0 = Debug|Any CPU
		{89286EB4-B4A1-418C-839A-067B00F442D8}.Debug|Net35.ActiveCfg = Debug|Any CPU
		{89286EB4-B4A1-418C-839A-067B00F442D8}.Debug|Net35.Build.0 = Debug|Any CPU
		{89286EB4-B4A1-418C-839A-067B00F442D8}.Debug|Net40.ActiveCfg = Debug|Any CPU
		{89286EB4-B4A1-418C-839A-067B00F442D8}.Debug|Net40.Build.0 = Debug|Any CPU
		{89286EB4-B4A1-418C-839A-067B00F442D8}.Debug|WithNRefactory.ActiveCfg = Debug|Any CPU
		{89286EB4-B4A1-418C-839A-067B00F442D8}.Debug|WithNRefactory.Build.0 = Debug|Any CPU
		{89286EB4-B4A1-418C-839A-067B00F442D8}.net_4_5_Debug|Any CPU.ActiveCfg = Debug|Any CPU
		{89286EB4-B4A1-418C-839A-067B00F442D8}.net_4_5_Debug|Any CPU.Build.0 = Debug|Any CPU
		{89286EB4-B4A1-418C-839A-067B00F442D8}.net_4_5_Debug|Net35.ActiveCfg = Debug|Any CPU
		{89286EB4-B4A1-418C-839A-067B00F442D8}.net_4_5_Debug|Net35.Build.0 = Debug|Any CPU
		{89286EB4-B4A1-418C-839A-067B00F442D8}.net_4_5_Debug|Net40.ActiveCfg = Debug|Any CPU
		{89286EB4-B4A1-418C-839A-067B00F442D8}.net_4_5_Debug|Net40.Build.0 = Debug|Any CPU
		{89286EB4-B4A1-418C-839A-067B00F442D8}.net_4_5_Debug|WithNRefactory.ActiveCfg = Debug|Any CPU
		{89286EB4-B4A1-418C-839A-067B00F442D8}.net_4_5_Debug|WithNRefactory.Build.0 = Debug|Any CPU
		{89286EB4-B4A1-418C-839A-067B00F442D8}.net_4_5_Release|Any CPU.ActiveCfg = Release|Any CPU
		{89286EB4-B4A1-418C-839A-067B00F442D8}.net_4_5_Release|Any CPU.Build.0 = Release|Any CPU
		{89286EB4-B4A1-418C-839A-067B00F442D8}.net_4_5_Release|Net35.ActiveCfg = Release|Any CPU
		{89286EB4-B4A1-418C-839A-067B00F442D8}.net_4_5_Release|Net35.Build.0 = Release|Any CPU
		{89286EB4-B4A1-418C-839A-067B00F442D8}.net_4_5_Release|Net40.ActiveCfg = Release|Any CPU
		{89286EB4-B4A1-418C-839A-067B00F442D8}.net_4_5_Release|Net40.Build.0 = Release|Any CPU
		{89286EB4-B4A1-418C-839A-067B00F442D8}.net_4_5_Release|WithNRefactory.ActiveCfg = Release|Any CPU
		{89286EB4-B4A1-418C-839A-067B00F442D8}.net_4_5_Release|WithNRefactory.Build.0 = Release|Any CPU
		{89286EB4-B4A1-418C-839A-067B00F442D8}.Release|Any CPU.ActiveCfg = Release|Any CPU
		{89286EB4-B4A1-418C-839A-067B00F442D8}.Release|Any CPU.Build.0 = Release|Any CPU
		{89286EB4-B4A1-418C-839A-067B00F442D8}.Release|Net35.ActiveCfg = Release|Any CPU
		{89286EB4-B4A1-418C-839A-067B00F442D8}.Release|Net35.Build.0 = Release|Any CPU
		{89286EB4-B4A1-418C-839A-067B00F442D8}.Release|Net40.ActiveCfg = Release|Any CPU
		{89286EB4-B4A1-418C-839A-067B00F442D8}.Release|Net40.Build.0 = Release|Any CPU
		{89286EB4-B4A1-418C-839A-067B00F442D8}.Release|WithNRefactory.ActiveCfg = Release|Any CPU
		{89286EB4-B4A1-418C-839A-067B00F442D8}.Release|WithNRefactory.Build.0 = Release|Any CPU
		{89286EB4-B4A1-418C-839A-067B00F442D8}.Silverlight|Any CPU.ActiveCfg = Release|Any CPU
		{89286EB4-B4A1-418C-839A-067B00F442D8}.Silverlight|Any CPU.Build.0 = Release|Any CPU
		{89286EB4-B4A1-418C-839A-067B00F442D8}.Silverlight|Net35.ActiveCfg = Release|Any CPU
		{89286EB4-B4A1-418C-839A-067B00F442D8}.Silverlight|Net35.Build.0 = Release|Any CPU
		{89286EB4-B4A1-418C-839A-067B00F442D8}.Silverlight|Net40.ActiveCfg = Release|Any CPU
		{89286EB4-B4A1-418C-839A-067B00F442D8}.Silverlight|Net40.Build.0 = Release|Any CPU
		{89286EB4-B4A1-418C-839A-067B00F442D8}.Silverlight|WithNRefactory.ActiveCfg = Release|Any CPU
		{89286EB4-B4A1-418C-839A-067B00F442D8}.Silverlight|WithNRefactory.Build.0 = Release|Any CPU
		{89286EB4-B4A1-418C-839A-067B00F442D8}.WPF|Any CPU.ActiveCfg = Release|Any CPU
		{89286EB4-B4A1-418C-839A-067B00F442D8}.WPF|Any CPU.Build.0 = Release|Any CPU
		{89286EB4-B4A1-418C-839A-067B00F442D8}.WPF|Net35.ActiveCfg = Release|Any CPU
		{89286EB4-B4A1-418C-839A-067B00F442D8}.WPF|Net35.Build.0 = Release|Any CPU
		{89286EB4-B4A1-418C-839A-067B00F442D8}.WPF|Net40.ActiveCfg = Release|Any CPU
		{89286EB4-B4A1-418C-839A-067B00F442D8}.WPF|Net40.Build.0 = Release|Any CPU
		{89286EB4-B4A1-418C-839A-067B00F442D8}.WPF|WithNRefactory.ActiveCfg = Release|Any CPU
		{89286EB4-B4A1-418C-839A-067B00F442D8}.WPF|WithNRefactory.Build.0 = Release|Any CPU
		{B3FC3E21-5F2D-4581-AEA2-59F671CFFC21}.Debug|Any CPU.ActiveCfg = Debug|Any CPU
		{B3FC3E21-5F2D-4581-AEA2-59F671CFFC21}.Debug|Any CPU.Build.0 = Debug|Any CPU
		{B3FC3E21-5F2D-4581-AEA2-59F671CFFC21}.Debug|Net35.ActiveCfg = Debug|Any CPU
		{B3FC3E21-5F2D-4581-AEA2-59F671CFFC21}.Debug|Net35.Build.0 = Debug|Any CPU
		{B3FC3E21-5F2D-4581-AEA2-59F671CFFC21}.Debug|Net40.ActiveCfg = Debug|Any CPU
		{B3FC3E21-5F2D-4581-AEA2-59F671CFFC21}.Debug|Net40.Build.0 = Debug|Any CPU
		{B3FC3E21-5F2D-4581-AEA2-59F671CFFC21}.Debug|WithNRefactory.ActiveCfg = Debug|Any CPU
		{B3FC3E21-5F2D-4581-AEA2-59F671CFFC21}.Debug|WithNRefactory.Build.0 = Debug|Any CPU
		{B3FC3E21-5F2D-4581-AEA2-59F671CFFC21}.net_4_5_Debug|Any CPU.ActiveCfg = Debug|Any CPU
		{B3FC3E21-5F2D-4581-AEA2-59F671CFFC21}.net_4_5_Debug|Any CPU.Build.0 = Debug|Any CPU
		{B3FC3E21-5F2D-4581-AEA2-59F671CFFC21}.net_4_5_Debug|Net35.ActiveCfg = Debug|Any CPU
		{B3FC3E21-5F2D-4581-AEA2-59F671CFFC21}.net_4_5_Debug|Net35.Build.0 = Debug|Any CPU
		{B3FC3E21-5F2D-4581-AEA2-59F671CFFC21}.net_4_5_Debug|Net40.ActiveCfg = Debug|Any CPU
		{B3FC3E21-5F2D-4581-AEA2-59F671CFFC21}.net_4_5_Debug|Net40.Build.0 = Debug|Any CPU
		{B3FC3E21-5F2D-4581-AEA2-59F671CFFC21}.net_4_5_Debug|WithNRefactory.ActiveCfg = Debug|Any CPU
		{B3FC3E21-5F2D-4581-AEA2-59F671CFFC21}.net_4_5_Debug|WithNRefactory.Build.0 = Debug|Any CPU
		{B3FC3E21-5F2D-4581-AEA2-59F671CFFC21}.net_4_5_Release|Any CPU.ActiveCfg = Release|Any CPU
		{B3FC3E21-5F2D-4581-AEA2-59F671CFFC21}.net_4_5_Release|Any CPU.Build.0 = Release|Any CPU
		{B3FC3E21-5F2D-4581-AEA2-59F671CFFC21}.net_4_5_Release|Net35.ActiveCfg = Release|Any CPU
		{B3FC3E21-5F2D-4581-AEA2-59F671CFFC21}.net_4_5_Release|Net35.Build.0 = Release|Any CPU
		{B3FC3E21-5F2D-4581-AEA2-59F671CFFC21}.net_4_5_Release|Net40.ActiveCfg = Release|Any CPU
		{B3FC3E21-5F2D-4581-AEA2-59F671CFFC21}.net_4_5_Release|Net40.Build.0 = Release|Any CPU
		{B3FC3E21-5F2D-4581-AEA2-59F671CFFC21}.net_4_5_Release|WithNRefactory.ActiveCfg = Release|Any CPU
		{B3FC3E21-5F2D-4581-AEA2-59F671CFFC21}.net_4_5_Release|WithNRefactory.Build.0 = Release|Any CPU
		{B3FC3E21-5F2D-4581-AEA2-59F671CFFC21}.Release|Any CPU.ActiveCfg = Release|Any CPU
		{B3FC3E21-5F2D-4581-AEA2-59F671CFFC21}.Release|Any CPU.Build.0 = Release|Any CPU
		{B3FC3E21-5F2D-4581-AEA2-59F671CFFC21}.Release|Net35.ActiveCfg = Release|Any CPU
		{B3FC3E21-5F2D-4581-AEA2-59F671CFFC21}.Release|Net35.Build.0 = Release|Any CPU
		{B3FC3E21-5F2D-4581-AEA2-59F671CFFC21}.Release|Net40.ActiveCfg = Release|Any CPU
		{B3FC3E21-5F2D-4581-AEA2-59F671CFFC21}.Release|Net40.Build.0 = Release|Any CPU
		{B3FC3E21-5F2D-4581-AEA2-59F671CFFC21}.Release|WithNRefactory.ActiveCfg = Release|Any CPU
		{B3FC3E21-5F2D-4581-AEA2-59F671CFFC21}.Release|WithNRefactory.Build.0 = Release|Any CPU
		{B3FC3E21-5F2D-4581-AEA2-59F671CFFC21}.Silverlight|Any CPU.ActiveCfg = Release|Any CPU
		{B3FC3E21-5F2D-4581-AEA2-59F671CFFC21}.Silverlight|Any CPU.Build.0 = Release|Any CPU
		{B3FC3E21-5F2D-4581-AEA2-59F671CFFC21}.Silverlight|Net35.ActiveCfg = Release|Any CPU
		{B3FC3E21-5F2D-4581-AEA2-59F671CFFC21}.Silverlight|Net35.Build.0 = Release|Any CPU
		{B3FC3E21-5F2D-4581-AEA2-59F671CFFC21}.Silverlight|Net40.ActiveCfg = Release|Any CPU
		{B3FC3E21-5F2D-4581-AEA2-59F671CFFC21}.Silverlight|Net40.Build.0 = Release|Any CPU
		{B3FC3E21-5F2D-4581-AEA2-59F671CFFC21}.Silverlight|WithNRefactory.ActiveCfg = Release|Any CPU
		{B3FC3E21-5F2D-4581-AEA2-59F671CFFC21}.Silverlight|WithNRefactory.Build.0 = Release|Any CPU
		{B3FC3E21-5F2D-4581-AEA2-59F671CFFC21}.WPF|Any CPU.ActiveCfg = Release|Any CPU
		{B3FC3E21-5F2D-4581-AEA2-59F671CFFC21}.WPF|Any CPU.Build.0 = Release|Any CPU
		{B3FC3E21-5F2D-4581-AEA2-59F671CFFC21}.WPF|Net35.ActiveCfg = Release|Any CPU
		{B3FC3E21-5F2D-4581-AEA2-59F671CFFC21}.WPF|Net35.Build.0 = Release|Any CPU
		{B3FC3E21-5F2D-4581-AEA2-59F671CFFC21}.WPF|Net40.ActiveCfg = Release|Any CPU
		{B3FC3E21-5F2D-4581-AEA2-59F671CFFC21}.WPF|Net40.Build.0 = Release|Any CPU
		{B3FC3E21-5F2D-4581-AEA2-59F671CFFC21}.WPF|WithNRefactory.ActiveCfg = Release|Any CPU
		{B3FC3E21-5F2D-4581-AEA2-59F671CFFC21}.WPF|WithNRefactory.Build.0 = Release|Any CPU
		{6C55B776-26D4-4DB3-A6AB-87E783B2F3D1}.Debug|Any CPU.ActiveCfg = Debug|WithNRefactory
		{6C55B776-26D4-4DB3-A6AB-87E783B2F3D1}.Debug|Net35.ActiveCfg = Debug|Net35
		{6C55B776-26D4-4DB3-A6AB-87E783B2F3D1}.Debug|Net35.Build.0 = Debug|Net35
		{6C55B776-26D4-4DB3-A6AB-87E783B2F3D1}.Debug|Net40.ActiveCfg = Debug|Net40
		{6C55B776-26D4-4DB3-A6AB-87E783B2F3D1}.Debug|Net40.Build.0 = Debug|Net40
		{6C55B776-26D4-4DB3-A6AB-87E783B2F3D1}.Debug|WithNRefactory.ActiveCfg = Debug|WithNRefactory
		{6C55B776-26D4-4DB3-A6AB-87E783B2F3D1}.Debug|WithNRefactory.Build.0 = Debug|WithNRefactory
		{6C55B776-26D4-4DB3-A6AB-87E783B2F3D1}.net_4_5_Debug|Any CPU.ActiveCfg = Release|WithNRefactory
		{6C55B776-26D4-4DB3-A6AB-87E783B2F3D1}.net_4_5_Debug|Any CPU.Build.0 = Release|WithNRefactory
		{6C55B776-26D4-4DB3-A6AB-87E783B2F3D1}.net_4_5_Debug|Net35.ActiveCfg = Debug|Net35
		{6C55B776-26D4-4DB3-A6AB-87E783B2F3D1}.net_4_5_Debug|Net35.Build.0 = Debug|Net35
		{6C55B776-26D4-4DB3-A6AB-87E783B2F3D1}.net_4_5_Debug|Net40.ActiveCfg = Debug|Net40
		{6C55B776-26D4-4DB3-A6AB-87E783B2F3D1}.net_4_5_Debug|Net40.Build.0 = Debug|Net40
		{6C55B776-26D4-4DB3-A6AB-87E783B2F3D1}.net_4_5_Debug|WithNRefactory.ActiveCfg = Debug|WithNRefactory
		{6C55B776-26D4-4DB3-A6AB-87E783B2F3D1}.net_4_5_Debug|WithNRefactory.Build.0 = Debug|WithNRefactory
		{6C55B776-26D4-4DB3-A6AB-87E783B2F3D1}.net_4_5_Release|Any CPU.ActiveCfg = Release|WithNRefactory
		{6C55B776-26D4-4DB3-A6AB-87E783B2F3D1}.net_4_5_Release|Any CPU.Build.0 = Release|WithNRefactory
		{6C55B776-26D4-4DB3-A6AB-87E783B2F3D1}.net_4_5_Release|Net35.ActiveCfg = Release|Net35
		{6C55B776-26D4-4DB3-A6AB-87E783B2F3D1}.net_4_5_Release|Net35.Build.0 = Release|Net35
		{6C55B776-26D4-4DB3-A6AB-87E783B2F3D1}.net_4_5_Release|Net40.ActiveCfg = Release|Net40
		{6C55B776-26D4-4DB3-A6AB-87E783B2F3D1}.net_4_5_Release|Net40.Build.0 = Release|Net40
		{6C55B776-26D4-4DB3-A6AB-87E783B2F3D1}.net_4_5_Release|WithNRefactory.ActiveCfg = Release|WithNRefactory
		{6C55B776-26D4-4DB3-A6AB-87E783B2F3D1}.net_4_5_Release|WithNRefactory.Build.0 = Release|WithNRefactory
		{6C55B776-26D4-4DB3-A6AB-87E783B2F3D1}.Release|Any CPU.ActiveCfg = Release|WithNRefactory
		{6C55B776-26D4-4DB3-A6AB-87E783B2F3D1}.Release|Net35.ActiveCfg = Release|Net35
		{6C55B776-26D4-4DB3-A6AB-87E783B2F3D1}.Release|Net35.Build.0 = Release|Net35
		{6C55B776-26D4-4DB3-A6AB-87E783B2F3D1}.Release|Net40.ActiveCfg = Release|Net40
		{6C55B776-26D4-4DB3-A6AB-87E783B2F3D1}.Release|Net40.Build.0 = Release|Net40
		{6C55B776-26D4-4DB3-A6AB-87E783B2F3D1}.Release|WithNRefactory.ActiveCfg = Release|WithNRefactory
		{6C55B776-26D4-4DB3-A6AB-87E783B2F3D1}.Release|WithNRefactory.Build.0 = Release|WithNRefactory
		{6C55B776-26D4-4DB3-A6AB-87E783B2F3D1}.Silverlight|Any CPU.ActiveCfg = Release|WithNRefactory
		{6C55B776-26D4-4DB3-A6AB-87E783B2F3D1}.Silverlight|Any CPU.Build.0 = Release|WithNRefactory
		{6C55B776-26D4-4DB3-A6AB-87E783B2F3D1}.Silverlight|Net35.ActiveCfg = Release|Net35
		{6C55B776-26D4-4DB3-A6AB-87E783B2F3D1}.Silverlight|Net35.Build.0 = Release|Net35
		{6C55B776-26D4-4DB3-A6AB-87E783B2F3D1}.Silverlight|Net40.ActiveCfg = Release|Net40
		{6C55B776-26D4-4DB3-A6AB-87E783B2F3D1}.Silverlight|Net40.Build.0 = Release|Net40
		{6C55B776-26D4-4DB3-A6AB-87E783B2F3D1}.Silverlight|WithNRefactory.ActiveCfg = Release|WithNRefactory
		{6C55B776-26D4-4DB3-A6AB-87E783B2F3D1}.Silverlight|WithNRefactory.Build.0 = Release|WithNRefactory
		{6C55B776-26D4-4DB3-A6AB-87E783B2F3D1}.WPF|Any CPU.ActiveCfg = Release|WithNRefactory
		{6C55B776-26D4-4DB3-A6AB-87E783B2F3D1}.WPF|Any CPU.Build.0 = Release|WithNRefactory
		{6C55B776-26D4-4DB3-A6AB-87E783B2F3D1}.WPF|Net35.ActiveCfg = Release|Net35
		{6C55B776-26D4-4DB3-A6AB-87E783B2F3D1}.WPF|Net35.Build.0 = Release|Net35
		{6C55B776-26D4-4DB3-A6AB-87E783B2F3D1}.WPF|Net40.ActiveCfg = Release|Net40
		{6C55B776-26D4-4DB3-A6AB-87E783B2F3D1}.WPF|Net40.Build.0 = Release|Net40
		{6C55B776-26D4-4DB3-A6AB-87E783B2F3D1}.WPF|WithNRefactory.ActiveCfg = Release|WithNRefactory
		{6C55B776-26D4-4DB3-A6AB-87E783B2F3D1}.WPF|WithNRefactory.Build.0 = Release|WithNRefactory
		{3B2A5653-EC97-4001-BB9B-D90F1AF2C371}.Debug|Any CPU.ActiveCfg = Debug|Any CPU
		{3B2A5653-EC97-4001-BB9B-D90F1AF2C371}.Debug|Any CPU.Build.0 = Debug|Any CPU
		{3B2A5653-EC97-4001-BB9B-D90F1AF2C371}.Debug|Net35.ActiveCfg = Debug|Any CPU
		{3B2A5653-EC97-4001-BB9B-D90F1AF2C371}.Debug|Net35.Build.0 = Debug|Any CPU
		{3B2A5653-EC97-4001-BB9B-D90F1AF2C371}.Debug|Net40.ActiveCfg = Debug|Any CPU
		{3B2A5653-EC97-4001-BB9B-D90F1AF2C371}.Debug|Net40.Build.0 = Debug|Any CPU
		{3B2A5653-EC97-4001-BB9B-D90F1AF2C371}.Debug|WithNRefactory.ActiveCfg = Debug|Any CPU
		{3B2A5653-EC97-4001-BB9B-D90F1AF2C371}.Debug|WithNRefactory.Build.0 = Debug|Any CPU
		{3B2A5653-EC97-4001-BB9B-D90F1AF2C371}.net_4_5_Debug|Any CPU.ActiveCfg = net_4_5_Debug|Any CPU
		{3B2A5653-EC97-4001-BB9B-D90F1AF2C371}.net_4_5_Debug|Any CPU.Build.0 = net_4_5_Debug|Any CPU
		{3B2A5653-EC97-4001-BB9B-D90F1AF2C371}.net_4_5_Debug|Net35.ActiveCfg = net_4_5_Debug|Any CPU
		{3B2A5653-EC97-4001-BB9B-D90F1AF2C371}.net_4_5_Debug|Net35.Build.0 = net_4_5_Debug|Any CPU
		{3B2A5653-EC97-4001-BB9B-D90F1AF2C371}.net_4_5_Debug|Net40.ActiveCfg = net_4_5_Debug|Any CPU
		{3B2A5653-EC97-4001-BB9B-D90F1AF2C371}.net_4_5_Debug|Net40.Build.0 = net_4_5_Debug|Any CPU
		{3B2A5653-EC97-4001-BB9B-D90F1AF2C371}.net_4_5_Debug|WithNRefactory.ActiveCfg = net_4_5_Debug|Any CPU
		{3B2A5653-EC97-4001-BB9B-D90F1AF2C371}.net_4_5_Debug|WithNRefactory.Build.0 = net_4_5_Debug|Any CPU
		{3B2A5653-EC97-4001-BB9B-D90F1AF2C371}.net_4_5_Release|Any CPU.ActiveCfg = net_4_5_Release|Any CPU
		{3B2A5653-EC97-4001-BB9B-D90F1AF2C371}.net_4_5_Release|Any CPU.Build.0 = net_4_5_Release|Any CPU
		{3B2A5653-EC97-4001-BB9B-D90F1AF2C371}.net_4_5_Release|Net35.ActiveCfg = net_4_5_Release|Any CPU
		{3B2A5653-EC97-4001-BB9B-D90F1AF2C371}.net_4_5_Release|Net35.Build.0 = net_4_5_Release|Any CPU
		{3B2A5653-EC97-4001-BB9B-D90F1AF2C371}.net_4_5_Release|Net40.ActiveCfg = net_4_5_Release|Any CPU
		{3B2A5653-EC97-4001-BB9B-D90F1AF2C371}.net_4_5_Release|Net40.Build.0 = net_4_5_Release|Any CPU
		{3B2A5653-EC97-4001-BB9B-D90F1AF2C371}.net_4_5_Release|WithNRefactory.ActiveCfg = net_4_5_Release|Any CPU
		{3B2A5653-EC97-4001-BB9B-D90F1AF2C371}.net_4_5_Release|WithNRefactory.Build.0 = net_4_5_Release|Any CPU
		{3B2A5653-EC97-4001-BB9B-D90F1AF2C371}.Release|Any CPU.ActiveCfg = Release|Any CPU
		{3B2A5653-EC97-4001-BB9B-D90F1AF2C371}.Release|Any CPU.Build.0 = Release|Any CPU
		{3B2A5653-EC97-4001-BB9B-D90F1AF2C371}.Release|Net35.ActiveCfg = Release|Any CPU
		{3B2A5653-EC97-4001-BB9B-D90F1AF2C371}.Release|Net35.Build.0 = Release|Any CPU
		{3B2A5653-EC97-4001-BB9B-D90F1AF2C371}.Release|Net40.ActiveCfg = Release|Any CPU
		{3B2A5653-EC97-4001-BB9B-D90F1AF2C371}.Release|Net40.Build.0 = Release|Any CPU
		{3B2A5653-EC97-4001-BB9B-D90F1AF2C371}.Release|WithNRefactory.ActiveCfg = Release|Any CPU
		{3B2A5653-EC97-4001-BB9B-D90F1AF2C371}.Release|WithNRefactory.Build.0 = Release|Any CPU
		{3B2A5653-EC97-4001-BB9B-D90F1AF2C371}.Silverlight|Any CPU.ActiveCfg = net_4_5_Release|Any CPU
		{3B2A5653-EC97-4001-BB9B-D90F1AF2C371}.Silverlight|Any CPU.Build.0 = net_4_5_Release|Any CPU
		{3B2A5653-EC97-4001-BB9B-D90F1AF2C371}.Silverlight|Net35.ActiveCfg = net_4_5_Release|Any CPU
		{3B2A5653-EC97-4001-BB9B-D90F1AF2C371}.Silverlight|Net35.Build.0 = net_4_5_Release|Any CPU
		{3B2A5653-EC97-4001-BB9B-D90F1AF2C371}.Silverlight|Net40.ActiveCfg = net_4_5_Release|Any CPU
		{3B2A5653-EC97-4001-BB9B-D90F1AF2C371}.Silverlight|Net40.Build.0 = net_4_5_Release|Any CPU
		{3B2A5653-EC97-4001-BB9B-D90F1AF2C371}.Silverlight|WithNRefactory.ActiveCfg = net_4_5_Release|Any CPU
		{3B2A5653-EC97-4001-BB9B-D90F1AF2C371}.Silverlight|WithNRefactory.Build.0 = net_4_5_Release|Any CPU
		{3B2A5653-EC97-4001-BB9B-D90F1AF2C371}.WPF|Any CPU.ActiveCfg = net_4_5_Release|Any CPU
		{3B2A5653-EC97-4001-BB9B-D90F1AF2C371}.WPF|Any CPU.Build.0 = net_4_5_Release|Any CPU
		{3B2A5653-EC97-4001-BB9B-D90F1AF2C371}.WPF|Net35.ActiveCfg = net_4_5_Release|Any CPU
		{3B2A5653-EC97-4001-BB9B-D90F1AF2C371}.WPF|Net35.Build.0 = net_4_5_Release|Any CPU
		{3B2A5653-EC97-4001-BB9B-D90F1AF2C371}.WPF|Net40.ActiveCfg = net_4_5_Release|Any CPU
		{3B2A5653-EC97-4001-BB9B-D90F1AF2C371}.WPF|Net40.Build.0 = net_4_5_Release|Any CPU
		{3B2A5653-EC97-4001-BB9B-D90F1AF2C371}.WPF|WithNRefactory.ActiveCfg = net_4_5_Release|Any CPU
		{3B2A5653-EC97-4001-BB9B-D90F1AF2C371}.WPF|WithNRefactory.Build.0 = net_4_5_Release|Any CPU
		{281095D8-D8B3-4A7F-8896-646483FB685C}.Debug|Any CPU.ActiveCfg = Debug|Any CPU
		{281095D8-D8B3-4A7F-8896-646483FB685C}.Debug|Any CPU.Build.0 = Debug|Any CPU
		{281095D8-D8B3-4A7F-8896-646483FB685C}.Debug|Net35.ActiveCfg = Debug|Any CPU
		{281095D8-D8B3-4A7F-8896-646483FB685C}.Debug|Net35.Build.0 = Debug|Any CPU
		{281095D8-D8B3-4A7F-8896-646483FB685C}.Debug|Net40.ActiveCfg = Debug|Any CPU
		{281095D8-D8B3-4A7F-8896-646483FB685C}.Debug|Net40.Build.0 = Debug|Any CPU
		{281095D8-D8B3-4A7F-8896-646483FB685C}.Debug|WithNRefactory.ActiveCfg = Debug|Any CPU
		{281095D8-D8B3-4A7F-8896-646483FB685C}.Debug|WithNRefactory.Build.0 = Debug|Any CPU
		{281095D8-D8B3-4A7F-8896-646483FB685C}.net_4_5_Debug|Any CPU.ActiveCfg = Debug|Any CPU
		{281095D8-D8B3-4A7F-8896-646483FB685C}.net_4_5_Debug|Any CPU.Build.0 = Debug|Any CPU
		{281095D8-D8B3-4A7F-8896-646483FB685C}.net_4_5_Debug|Net35.ActiveCfg = Debug|Any CPU
		{281095D8-D8B3-4A7F-8896-646483FB685C}.net_4_5_Debug|Net35.Build.0 = Debug|Any CPU
		{281095D8-D8B3-4A7F-8896-646483FB685C}.net_4_5_Debug|Net40.ActiveCfg = Debug|Any CPU
		{281095D8-D8B3-4A7F-8896-646483FB685C}.net_4_5_Debug|Net40.Build.0 = Debug|Any CPU
		{281095D8-D8B3-4A7F-8896-646483FB685C}.net_4_5_Debug|WithNRefactory.ActiveCfg = Debug|Any CPU
		{281095D8-D8B3-4A7F-8896-646483FB685C}.net_4_5_Debug|WithNRefactory.Build.0 = Debug|Any CPU
		{281095D8-D8B3-4A7F-8896-646483FB685C}.net_4_5_Release|Any CPU.ActiveCfg = Release|Any CPU
		{281095D8-D8B3-4A7F-8896-646483FB685C}.net_4_5_Release|Any CPU.Build.0 = Release|Any CPU
		{281095D8-D8B3-4A7F-8896-646483FB685C}.net_4_5_Release|Net35.ActiveCfg = Release|Any CPU
		{281095D8-D8B3-4A7F-8896-646483FB685C}.net_4_5_Release|Net35.Build.0 = Release|Any CPU
		{281095D8-D8B3-4A7F-8896-646483FB685C}.net_4_5_Release|Net40.ActiveCfg = Release|Any CPU
		{281095D8-D8B3-4A7F-8896-646483FB685C}.net_4_5_Release|Net40.Build.0 = Release|Any CPU
		{281095D8-D8B3-4A7F-8896-646483FB685C}.net_4_5_Release|WithNRefactory.ActiveCfg = Release|Any CPU
		{281095D8-D8B3-4A7F-8896-646483FB685C}.net_4_5_Release|WithNRefactory.Build.0 = Release|Any CPU
		{281095D8-D8B3-4A7F-8896-646483FB685C}.Release|Any CPU.ActiveCfg = Release|Any CPU
		{281095D8-D8B3-4A7F-8896-646483FB685C}.Release|Any CPU.Build.0 = Release|Any CPU
		{281095D8-D8B3-4A7F-8896-646483FB685C}.Release|Net35.ActiveCfg = Release|Any CPU
		{281095D8-D8B3-4A7F-8896-646483FB685C}.Release|Net35.Build.0 = Release|Any CPU
		{281095D8-D8B3-4A7F-8896-646483FB685C}.Release|Net40.ActiveCfg = Release|Any CPU
		{281095D8-D8B3-4A7F-8896-646483FB685C}.Release|Net40.Build.0 = Release|Any CPU
		{281095D8-D8B3-4A7F-8896-646483FB685C}.Release|WithNRefactory.ActiveCfg = Release|Any CPU
		{281095D8-D8B3-4A7F-8896-646483FB685C}.Release|WithNRefactory.Build.0 = Release|Any CPU
		{281095D8-D8B3-4A7F-8896-646483FB685C}.Silverlight|Any CPU.ActiveCfg = Release|Any CPU
		{281095D8-D8B3-4A7F-8896-646483FB685C}.Silverlight|Any CPU.Build.0 = Release|Any CPU
		{281095D8-D8B3-4A7F-8896-646483FB685C}.Silverlight|Net35.ActiveCfg = Release|Any CPU
		{281095D8-D8B3-4A7F-8896-646483FB685C}.Silverlight|Net35.Build.0 = Release|Any CPU
		{281095D8-D8B3-4A7F-8896-646483FB685C}.Silverlight|Net40.ActiveCfg = Release|Any CPU
		{281095D8-D8B3-4A7F-8896-646483FB685C}.Silverlight|Net40.Build.0 = Release|Any CPU
		{281095D8-D8B3-4A7F-8896-646483FB685C}.Silverlight|WithNRefactory.ActiveCfg = Release|Any CPU
		{281095D8-D8B3-4A7F-8896-646483FB685C}.Silverlight|WithNRefactory.Build.0 = Release|Any CPU
		{281095D8-D8B3-4A7F-8896-646483FB685C}.WPF|Any CPU.ActiveCfg = Release|Any CPU
		{281095D8-D8B3-4A7F-8896-646483FB685C}.WPF|Any CPU.Build.0 = Release|Any CPU
		{281095D8-D8B3-4A7F-8896-646483FB685C}.WPF|Net35.ActiveCfg = Release|Any CPU
		{281095D8-D8B3-4A7F-8896-646483FB685C}.WPF|Net35.Build.0 = Release|Any CPU
		{281095D8-D8B3-4A7F-8896-646483FB685C}.WPF|Net40.ActiveCfg = Release|Any CPU
		{281095D8-D8B3-4A7F-8896-646483FB685C}.WPF|Net40.Build.0 = Release|Any CPU
		{281095D8-D8B3-4A7F-8896-646483FB685C}.WPF|WithNRefactory.ActiveCfg = Release|Any CPU
		{281095D8-D8B3-4A7F-8896-646483FB685C}.WPF|WithNRefactory.Build.0 = Release|Any CPU
		{CF8E563B-5C37-47C3-8431-056EE13E6A00}.Debug|Any CPU.ActiveCfg = Debug|Any CPU
		{CF8E563B-5C37-47C3-8431-056EE13E6A00}.Debug|Any CPU.Build.0 = Debug|Any CPU
		{CF8E563B-5C37-47C3-8431-056EE13E6A00}.Debug|Net35.ActiveCfg = Debug|Any CPU
		{CF8E563B-5C37-47C3-8431-056EE13E6A00}.Debug|Net35.Build.0 = Debug|Any CPU
		{CF8E563B-5C37-47C3-8431-056EE13E6A00}.Debug|Net40.ActiveCfg = Debug|Any CPU
		{CF8E563B-5C37-47C3-8431-056EE13E6A00}.Debug|Net40.Build.0 = Debug|Any CPU
		{CF8E563B-5C37-47C3-8431-056EE13E6A00}.Debug|WithNRefactory.ActiveCfg = Debug|Any CPU
		{CF8E563B-5C37-47C3-8431-056EE13E6A00}.Debug|WithNRefactory.Build.0 = Debug|Any CPU
		{CF8E563B-5C37-47C3-8431-056EE13E6A00}.net_4_5_Debug|Any CPU.ActiveCfg = Debug|Any CPU
		{CF8E563B-5C37-47C3-8431-056EE13E6A00}.net_4_5_Debug|Any CPU.Build.0 = Debug|Any CPU
		{CF8E563B-5C37-47C3-8431-056EE13E6A00}.net_4_5_Debug|Net35.ActiveCfg = Debug|Any CPU
		{CF8E563B-5C37-47C3-8431-056EE13E6A00}.net_4_5_Debug|Net35.Build.0 = Debug|Any CPU
		{CF8E563B-5C37-47C3-8431-056EE13E6A00}.net_4_5_Debug|Net40.ActiveCfg = Debug|Any CPU
		{CF8E563B-5C37-47C3-8431-056EE13E6A00}.net_4_5_Debug|Net40.Build.0 = Debug|Any CPU
		{CF8E563B-5C37-47C3-8431-056EE13E6A00}.net_4_5_Debug|WithNRefactory.ActiveCfg = Debug|Any CPU
		{CF8E563B-5C37-47C3-8431-056EE13E6A00}.net_4_5_Debug|WithNRefactory.Build.0 = Debug|Any CPU
		{CF8E563B-5C37-47C3-8431-056EE13E6A00}.net_4_5_Release|Any CPU.ActiveCfg = Release|Any CPU
		{CF8E563B-5C37-47C3-8431-056EE13E6A00}.net_4_5_Release|Any CPU.Build.0 = Release|Any CPU
		{CF8E563B-5C37-47C3-8431-056EE13E6A00}.net_4_5_Release|Net35.ActiveCfg = Release|Any CPU
		{CF8E563B-5C37-47C3-8431-056EE13E6A00}.net_4_5_Release|Net35.Build.0 = Release|Any CPU
		{CF8E563B-5C37-47C3-8431-056EE13E6A00}.net_4_5_Release|Net40.ActiveCfg = Release|Any CPU
		{CF8E563B-5C37-47C3-8431-056EE13E6A00}.net_4_5_Release|Net40.Build.0 = Release|Any CPU
		{CF8E563B-5C37-47C3-8431-056EE13E6A00}.net_4_5_Release|WithNRefactory.ActiveCfg = Release|Any CPU
		{CF8E563B-5C37-47C3-8431-056EE13E6A00}.net_4_5_Release|WithNRefactory.Build.0 = Release|Any CPU
		{CF8E563B-5C37-47C3-8431-056EE13E6A00}.Release|Any CPU.ActiveCfg = Release|Any CPU
		{CF8E563B-5C37-47C3-8431-056EE13E6A00}.Release|Any CPU.Build.0 = Release|Any CPU
		{CF8E563B-5C37-47C3-8431-056EE13E6A00}.Release|Net35.ActiveCfg = Release|Any CPU
		{CF8E563B-5C37-47C3-8431-056EE13E6A00}.Release|Net35.Build.0 = Release|Any CPU
		{CF8E563B-5C37-47C3-8431-056EE13E6A00}.Release|Net40.ActiveCfg = Release|Any CPU
		{CF8E563B-5C37-47C3-8431-056EE13E6A00}.Release|Net40.Build.0 = Release|Any CPU
		{CF8E563B-5C37-47C3-8431-056EE13E6A00}.Release|WithNRefactory.ActiveCfg = Release|Any CPU
		{CF8E563B-5C37-47C3-8431-056EE13E6A00}.Release|WithNRefactory.Build.0 = Release|Any CPU
		{CF8E563B-5C37-47C3-8431-056EE13E6A00}.Silverlight|Any CPU.ActiveCfg = Silverlight|Any CPU
		{CF8E563B-5C37-47C3-8431-056EE13E6A00}.Silverlight|Any CPU.Build.0 = Silverlight|Any CPU
		{CF8E563B-5C37-47C3-8431-056EE13E6A00}.Silverlight|Net35.ActiveCfg = Silverlight|Any CPU
		{CF8E563B-5C37-47C3-8431-056EE13E6A00}.Silverlight|Net35.Build.0 = Silverlight|Any CPU
		{CF8E563B-5C37-47C3-8431-056EE13E6A00}.Silverlight|Net40.ActiveCfg = Silverlight|Any CPU
		{CF8E563B-5C37-47C3-8431-056EE13E6A00}.Silverlight|Net40.Build.0 = Silverlight|Any CPU
		{CF8E563B-5C37-47C3-8431-056EE13E6A00}.Silverlight|WithNRefactory.ActiveCfg = Silverlight|Any CPU
		{CF8E563B-5C37-47C3-8431-056EE13E6A00}.Silverlight|WithNRefactory.Build.0 = Silverlight|Any CPU
		{CF8E563B-5C37-47C3-8431-056EE13E6A00}.WPF|Any CPU.ActiveCfg = WPF|Any CPU
		{CF8E563B-5C37-47C3-8431-056EE13E6A00}.WPF|Any CPU.Build.0 = WPF|Any CPU
		{CF8E563B-5C37-47C3-8431-056EE13E6A00}.WPF|Net35.ActiveCfg = WPF|Any CPU
		{CF8E563B-5C37-47C3-8431-056EE13E6A00}.WPF|Net35.Build.0 = WPF|Any CPU
		{CF8E563B-5C37-47C3-8431-056EE13E6A00}.WPF|Net40.ActiveCfg = WPF|Any CPU
		{CF8E563B-5C37-47C3-8431-056EE13E6A00}.WPF|Net40.Build.0 = WPF|Any CPU
		{CF8E563B-5C37-47C3-8431-056EE13E6A00}.WPF|WithNRefactory.ActiveCfg = WPF|Any CPU
		{CF8E563B-5C37-47C3-8431-056EE13E6A00}.WPF|WithNRefactory.Build.0 = WPF|Any CPU
		{EACA540A-1EC6-4C64-8264-AA6EF46FC84A}.Debug|Any CPU.ActiveCfg = Debug|Any CPU
		{EACA540A-1EC6-4C64-8264-AA6EF46FC84A}.Debug|Any CPU.Build.0 = Debug|Any CPU
		{EACA540A-1EC6-4C64-8264-AA6EF46FC84A}.Debug|Net35.ActiveCfg = Debug|Any CPU
		{EACA540A-1EC6-4C64-8264-AA6EF46FC84A}.Debug|Net35.Build.0 = Debug|Any CPU
		{EACA540A-1EC6-4C64-8264-AA6EF46FC84A}.Debug|Net40.ActiveCfg = Debug|Any CPU
		{EACA540A-1EC6-4C64-8264-AA6EF46FC84A}.Debug|Net40.Build.0 = Debug|Any CPU
		{EACA540A-1EC6-4C64-8264-AA6EF46FC84A}.Debug|WithNRefactory.ActiveCfg = Debug|Any CPU
		{EACA540A-1EC6-4C64-8264-AA6EF46FC84A}.Debug|WithNRefactory.Build.0 = Debug|Any CPU
		{EACA540A-1EC6-4C64-8264-AA6EF46FC84A}.net_4_5_Debug|Any CPU.ActiveCfg = Debug|Any CPU
		{EACA540A-1EC6-4C64-8264-AA6EF46FC84A}.net_4_5_Debug|Any CPU.Build.0 = Debug|Any CPU
		{EACA540A-1EC6-4C64-8264-AA6EF46FC84A}.net_4_5_Debug|Net35.ActiveCfg = Debug|Any CPU
		{EACA540A-1EC6-4C64-8264-AA6EF46FC84A}.net_4_5_Debug|Net35.Build.0 = Debug|Any CPU
		{EACA540A-1EC6-4C64-8264-AA6EF46FC84A}.net_4_5_Debug|Net40.ActiveCfg = Debug|Any CPU
		{EACA540A-1EC6-4C64-8264-AA6EF46FC84A}.net_4_5_Debug|Net40.Build.0 = Debug|Any CPU
		{EACA540A-1EC6-4C64-8264-AA6EF46FC84A}.net_4_5_Debug|WithNRefactory.ActiveCfg = Debug|Any CPU
		{EACA540A-1EC6-4C64-8264-AA6EF46FC84A}.net_4_5_Debug|WithNRefactory.Build.0 = Debug|Any CPU
		{EACA540A-1EC6-4C64-8264-AA6EF46FC84A}.net_4_5_Release|Any CPU.ActiveCfg = Release|Any CPU
		{EACA540A-1EC6-4C64-8264-AA6EF46FC84A}.net_4_5_Release|Any CPU.Build.0 = Release|Any CPU
		{EACA540A-1EC6-4C64-8264-AA6EF46FC84A}.net_4_5_Release|Net35.ActiveCfg = Release|Any CPU
		{EACA540A-1EC6-4C64-8264-AA6EF46FC84A}.net_4_5_Release|Net35.Build.0 = Release|Any CPU
		{EACA540A-1EC6-4C64-8264-AA6EF46FC84A}.net_4_5_Release|Net40.ActiveCfg = Release|Any CPU
		{EACA540A-1EC6-4C64-8264-AA6EF46FC84A}.net_4_5_Release|Net40.Build.0 = Release|Any CPU
		{EACA540A-1EC6-4C64-8264-AA6EF46FC84A}.net_4_5_Release|WithNRefactory.ActiveCfg = Release|Any CPU
		{EACA540A-1EC6-4C64-8264-AA6EF46FC84A}.net_4_5_Release|WithNRefactory.Build.0 = Release|Any CPU
		{EACA540A-1EC6-4C64-8264-AA6EF46FC84A}.Release|Any CPU.ActiveCfg = Release|Any CPU
		{EACA540A-1EC6-4C64-8264-AA6EF46FC84A}.Release|Any CPU.Build.0 = Release|Any CPU
		{EACA540A-1EC6-4C64-8264-AA6EF46FC84A}.Release|Net35.ActiveCfg = Release|Any CPU
		{EACA540A-1EC6-4C64-8264-AA6EF46FC84A}.Release|Net35.Build.0 = Release|Any CPU
		{EACA540A-1EC6-4C64-8264-AA6EF46FC84A}.Release|Net40.ActiveCfg = Release|Any CPU
		{EACA540A-1EC6-4C64-8264-AA6EF46FC84A}.Release|Net40.Build.0 = Release|Any CPU
		{EACA540A-1EC6-4C64-8264-AA6EF46FC84A}.Release|WithNRefactory.ActiveCfg = Release|Any CPU
		{EACA540A-1EC6-4C64-8264-AA6EF46FC84A}.Release|WithNRefactory.Build.0 = Release|Any CPU
		{EACA540A-1EC6-4C64-8264-AA6EF46FC84A}.Silverlight|Any CPU.ActiveCfg = Release|Any CPU
		{EACA540A-1EC6-4C64-8264-AA6EF46FC84A}.Silverlight|Any CPU.Build.0 = Release|Any CPU
		{EACA540A-1EC6-4C64-8264-AA6EF46FC84A}.Silverlight|Net35.ActiveCfg = Release|Any CPU
		{EACA540A-1EC6-4C64-8264-AA6EF46FC84A}.Silverlight|Net35.Build.0 = Release|Any CPU
		{EACA540A-1EC6-4C64-8264-AA6EF46FC84A}.Silverlight|Net40.ActiveCfg = Release|Any CPU
		{EACA540A-1EC6-4C64-8264-AA6EF46FC84A}.Silverlight|Net40.Build.0 = Release|Any CPU
		{EACA540A-1EC6-4C64-8264-AA6EF46FC84A}.Silverlight|WithNRefactory.ActiveCfg = Release|Any CPU
		{EACA540A-1EC6-4C64-8264-AA6EF46FC84A}.Silverlight|WithNRefactory.Build.0 = Release|Any CPU
		{EACA540A-1EC6-4C64-8264-AA6EF46FC84A}.WPF|Any CPU.ActiveCfg = Release|Any CPU
		{EACA540A-1EC6-4C64-8264-AA6EF46FC84A}.WPF|Any CPU.Build.0 = Release|Any CPU
		{EACA540A-1EC6-4C64-8264-AA6EF46FC84A}.WPF|Net35.ActiveCfg = Release|Any CPU
		{EACA540A-1EC6-4C64-8264-AA6EF46FC84A}.WPF|Net35.Build.0 = Release|Any CPU
		{EACA540A-1EC6-4C64-8264-AA6EF46FC84A}.WPF|Net40.ActiveCfg = Release|Any CPU
		{EACA540A-1EC6-4C64-8264-AA6EF46FC84A}.WPF|Net40.Build.0 = Release|Any CPU
		{EACA540A-1EC6-4C64-8264-AA6EF46FC84A}.WPF|WithNRefactory.ActiveCfg = Release|Any CPU
		{EACA540A-1EC6-4C64-8264-AA6EF46FC84A}.WPF|WithNRefactory.Build.0 = Release|Any CPU
		{BC92050E-648D-4FF2-BFF5-81A6B0108DBF}.Debug|Any CPU.ActiveCfg = Debug|Any CPU
		{BC92050E-648D-4FF2-BFF5-81A6B0108DBF}.Debug|Any CPU.Build.0 = Debug|Any CPU
		{BC92050E-648D-4FF2-BFF5-81A6B0108DBF}.Debug|Net35.ActiveCfg = Debug|Any CPU
		{BC92050E-648D-4FF2-BFF5-81A6B0108DBF}.Debug|Net35.Build.0 = Debug|Any CPU
		{BC92050E-648D-4FF2-BFF5-81A6B0108DBF}.Debug|Net40.ActiveCfg = Debug|Any CPU
		{BC92050E-648D-4FF2-BFF5-81A6B0108DBF}.Debug|Net40.Build.0 = Debug|Any CPU
		{BC92050E-648D-4FF2-BFF5-81A6B0108DBF}.Debug|WithNRefactory.ActiveCfg = Debug|Any CPU
		{BC92050E-648D-4FF2-BFF5-81A6B0108DBF}.Debug|WithNRefactory.Build.0 = Debug|Any CPU
		{BC92050E-648D-4FF2-BFF5-81A6B0108DBF}.net_4_5_Debug|Any CPU.ActiveCfg = Debug|Any CPU
		{BC92050E-648D-4FF2-BFF5-81A6B0108DBF}.net_4_5_Debug|Any CPU.Build.0 = Debug|Any CPU
		{BC92050E-648D-4FF2-BFF5-81A6B0108DBF}.net_4_5_Debug|Net35.ActiveCfg = Debug|Any CPU
		{BC92050E-648D-4FF2-BFF5-81A6B0108DBF}.net_4_5_Debug|Net35.Build.0 = Debug|Any CPU
		{BC92050E-648D-4FF2-BFF5-81A6B0108DBF}.net_4_5_Debug|Net40.ActiveCfg = Debug|Any CPU
		{BC92050E-648D-4FF2-BFF5-81A6B0108DBF}.net_4_5_Debug|Net40.Build.0 = Debug|Any CPU
		{BC92050E-648D-4FF2-BFF5-81A6B0108DBF}.net_4_5_Debug|WithNRefactory.ActiveCfg = Debug|Any CPU
		{BC92050E-648D-4FF2-BFF5-81A6B0108DBF}.net_4_5_Debug|WithNRefactory.Build.0 = Debug|Any CPU
		{BC92050E-648D-4FF2-BFF5-81A6B0108DBF}.net_4_5_Release|Any CPU.ActiveCfg = Release|Any CPU
		{BC92050E-648D-4FF2-BFF5-81A6B0108DBF}.net_4_5_Release|Any CPU.Build.0 = Release|Any CPU
		{BC92050E-648D-4FF2-BFF5-81A6B0108DBF}.net_4_5_Release|Net35.ActiveCfg = Release|Any CPU
		{BC92050E-648D-4FF2-BFF5-81A6B0108DBF}.net_4_5_Release|Net35.Build.0 = Release|Any CPU
		{BC92050E-648D-4FF2-BFF5-81A6B0108DBF}.net_4_5_Release|Net40.ActiveCfg = Release|Any CPU
		{BC92050E-648D-4FF2-BFF5-81A6B0108DBF}.net_4_5_Release|Net40.Build.0 = Release|Any CPU
		{BC92050E-648D-4FF2-BFF5-81A6B0108DBF}.net_4_5_Release|WithNRefactory.ActiveCfg = Release|Any CPU
		{BC92050E-648D-4FF2-BFF5-81A6B0108DBF}.net_4_5_Release|WithNRefactory.Build.0 = Release|Any CPU
		{BC92050E-648D-4FF2-BFF5-81A6B0108DBF}.Release|Any CPU.ActiveCfg = Release|Any CPU
		{BC92050E-648D-4FF2-BFF5-81A6B0108DBF}.Release|Any CPU.Build.0 = Release|Any CPU
		{BC92050E-648D-4FF2-BFF5-81A6B0108DBF}.Release|Net35.ActiveCfg = Release|Any CPU
		{BC92050E-648D-4FF2-BFF5-81A6B0108DBF}.Release|Net35.Build.0 = Release|Any CPU
		{BC92050E-648D-4FF2-BFF5-81A6B0108DBF}.Release|Net40.ActiveCfg = Release|Any CPU
		{BC92050E-648D-4FF2-BFF5-81A6B0108DBF}.Release|Net40.Build.0 = Release|Any CPU
		{BC92050E-648D-4FF2-BFF5-81A6B0108DBF}.Release|WithNRefactory.ActiveCfg = Release|Any CPU
		{BC92050E-648D-4FF2-BFF5-81A6B0108DBF}.Release|WithNRefactory.Build.0 = Release|Any CPU
		{BC92050E-648D-4FF2-BFF5-81A6B0108DBF}.Silverlight|Any CPU.ActiveCfg = Release|Any CPU
		{BC92050E-648D-4FF2-BFF5-81A6B0108DBF}.Silverlight|Any CPU.Build.0 = Release|Any CPU
		{BC92050E-648D-4FF2-BFF5-81A6B0108DBF}.Silverlight|Net35.ActiveCfg = Release|Any CPU
		{BC92050E-648D-4FF2-BFF5-81A6B0108DBF}.Silverlight|Net35.Build.0 = Release|Any CPU
		{BC92050E-648D-4FF2-BFF5-81A6B0108DBF}.Silverlight|Net40.ActiveCfg = Release|Any CPU
		{BC92050E-648D-4FF2-BFF5-81A6B0108DBF}.Silverlight|Net40.Build.0 = Release|Any CPU
		{BC92050E-648D-4FF2-BFF5-81A6B0108DBF}.Silverlight|WithNRefactory.ActiveCfg = Release|Any CPU
		{BC92050E-648D-4FF2-BFF5-81A6B0108DBF}.Silverlight|WithNRefactory.Build.0 = Release|Any CPU
		{BC92050E-648D-4FF2-BFF5-81A6B0108DBF}.WPF|Any CPU.ActiveCfg = Release|Any CPU
		{BC92050E-648D-4FF2-BFF5-81A6B0108DBF}.WPF|Any CPU.Build.0 = Release|Any CPU
		{BC92050E-648D-4FF2-BFF5-81A6B0108DBF}.WPF|Net35.ActiveCfg = Release|Any CPU
		{BC92050E-648D-4FF2-BFF5-81A6B0108DBF}.WPF|Net35.Build.0 = Release|Any CPU
		{BC92050E-648D-4FF2-BFF5-81A6B0108DBF}.WPF|Net40.ActiveCfg = Release|Any CPU
		{BC92050E-648D-4FF2-BFF5-81A6B0108DBF}.WPF|Net40.Build.0 = Release|Any CPU
		{BC92050E-648D-4FF2-BFF5-81A6B0108DBF}.WPF|WithNRefactory.ActiveCfg = Release|Any CPU
		{BC92050E-648D-4FF2-BFF5-81A6B0108DBF}.WPF|WithNRefactory.Build.0 = Release|Any CPU
		{609B2B1F-2817-4898-BEF2-500BA739CE20}.Debug|Any CPU.ActiveCfg = Debug|Any CPU
		{609B2B1F-2817-4898-BEF2-500BA739CE20}.Debug|Any CPU.Build.0 = Debug|Any CPU
		{609B2B1F-2817-4898-BEF2-500BA739CE20}.Debug|Net35.ActiveCfg = Debug|Any CPU
		{609B2B1F-2817-4898-BEF2-500BA739CE20}.Debug|Net35.Build.0 = Debug|Any CPU
		{609B2B1F-2817-4898-BEF2-500BA739CE20}.Debug|Net40.ActiveCfg = Debug|Any CPU
		{609B2B1F-2817-4898-BEF2-500BA739CE20}.Debug|Net40.Build.0 = Debug|Any CPU
		{609B2B1F-2817-4898-BEF2-500BA739CE20}.Debug|WithNRefactory.ActiveCfg = Debug|Any CPU
		{609B2B1F-2817-4898-BEF2-500BA739CE20}.Debug|WithNRefactory.Build.0 = Debug|Any CPU
		{609B2B1F-2817-4898-BEF2-500BA739CE20}.net_4_5_Debug|Any CPU.ActiveCfg = Debug|Any CPU
		{609B2B1F-2817-4898-BEF2-500BA739CE20}.net_4_5_Debug|Any CPU.Build.0 = Debug|Any CPU
		{609B2B1F-2817-4898-BEF2-500BA739CE20}.net_4_5_Debug|Net35.ActiveCfg = Debug|Any CPU
		{609B2B1F-2817-4898-BEF2-500BA739CE20}.net_4_5_Debug|Net35.Build.0 = Debug|Any CPU
		{609B2B1F-2817-4898-BEF2-500BA739CE20}.net_4_5_Debug|Net40.ActiveCfg = Debug|Any CPU
		{609B2B1F-2817-4898-BEF2-500BA739CE20}.net_4_5_Debug|Net40.Build.0 = Debug|Any CPU
		{609B2B1F-2817-4898-BEF2-500BA739CE20}.net_4_5_Debug|WithNRefactory.ActiveCfg = Debug|Any CPU
		{609B2B1F-2817-4898-BEF2-500BA739CE20}.net_4_5_Debug|WithNRefactory.Build.0 = Debug|Any CPU
		{609B2B1F-2817-4898-BEF2-500BA739CE20}.net_4_5_Release|Any CPU.ActiveCfg = Release|Any CPU
		{609B2B1F-2817-4898-BEF2-500BA739CE20}.net_4_5_Release|Any CPU.Build.0 = Release|Any CPU
		{609B2B1F-2817-4898-BEF2-500BA739CE20}.net_4_5_Release|Net35.ActiveCfg = Release|Any CPU
		{609B2B1F-2817-4898-BEF2-500BA739CE20}.net_4_5_Release|Net35.Build.0 = Release|Any CPU
		{609B2B1F-2817-4898-BEF2-500BA739CE20}.net_4_5_Release|Net40.ActiveCfg = Release|Any CPU
		{609B2B1F-2817-4898-BEF2-500BA739CE20}.net_4_5_Release|Net40.Build.0 = Release|Any CPU
		{609B2B1F-2817-4898-BEF2-500BA739CE20}.net_4_5_Release|WithNRefactory.ActiveCfg = Release|Any CPU
		{609B2B1F-2817-4898-BEF2-500BA739CE20}.net_4_5_Release|WithNRefactory.Build.0 = Release|Any CPU
		{609B2B1F-2817-4898-BEF2-500BA739CE20}.Release|Any CPU.ActiveCfg = Release|Any CPU
		{609B2B1F-2817-4898-BEF2-500BA739CE20}.Release|Any CPU.Build.0 = Release|Any CPU
		{609B2B1F-2817-4898-BEF2-500BA739CE20}.Release|Net35.ActiveCfg = Release|Any CPU
		{609B2B1F-2817-4898-BEF2-500BA739CE20}.Release|Net35.Build.0 = Release|Any CPU
		{609B2B1F-2817-4898-BEF2-500BA739CE20}.Release|Net40.ActiveCfg = Release|Any CPU
		{609B2B1F-2817-4898-BEF2-500BA739CE20}.Release|Net40.Build.0 = Release|Any CPU
		{609B2B1F-2817-4898-BEF2-500BA739CE20}.Release|WithNRefactory.ActiveCfg = Release|Any CPU
		{609B2B1F-2817-4898-BEF2-500BA739CE20}.Release|WithNRefactory.Build.0 = Release|Any CPU
		{609B2B1F-2817-4898-BEF2-500BA739CE20}.Silverlight|Any CPU.ActiveCfg = Release|Any CPU
		{609B2B1F-2817-4898-BEF2-500BA739CE20}.Silverlight|Any CPU.Build.0 = Release|Any CPU
		{609B2B1F-2817-4898-BEF2-500BA739CE20}.Silverlight|Net35.ActiveCfg = Release|Any CPU
		{609B2B1F-2817-4898-BEF2-500BA739CE20}.Silverlight|Net35.Build.0 = Release|Any CPU
		{609B2B1F-2817-4898-BEF2-500BA739CE20}.Silverlight|Net40.ActiveCfg = Release|Any CPU
		{609B2B1F-2817-4898-BEF2-500BA739CE20}.Silverlight|Net40.Build.0 = Release|Any CPU
		{609B2B1F-2817-4898-BEF2-500BA739CE20}.Silverlight|WithNRefactory.ActiveCfg = Release|Any CPU
		{609B2B1F-2817-4898-BEF2-500BA739CE20}.Silverlight|WithNRefactory.Build.0 = Release|Any CPU
		{609B2B1F-2817-4898-BEF2-500BA739CE20}.WPF|Any CPU.ActiveCfg = Release|Any CPU
		{609B2B1F-2817-4898-BEF2-500BA739CE20}.WPF|Any CPU.Build.0 = Release|Any CPU
		{609B2B1F-2817-4898-BEF2-500BA739CE20}.WPF|Net35.ActiveCfg = Release|Any CPU
		{609B2B1F-2817-4898-BEF2-500BA739CE20}.WPF|Net35.Build.0 = Release|Any CPU
		{609B2B1F-2817-4898-BEF2-500BA739CE20}.WPF|Net40.ActiveCfg = Release|Any CPU
		{609B2B1F-2817-4898-BEF2-500BA739CE20}.WPF|Net40.Build.0 = Release|Any CPU
		{609B2B1F-2817-4898-BEF2-500BA739CE20}.WPF|WithNRefactory.ActiveCfg = Release|Any CPU
		{609B2B1F-2817-4898-BEF2-500BA739CE20}.WPF|WithNRefactory.Build.0 = Release|Any CPU
		{0B6B01BE-7ED5-483C-AB2F-2D78AB325C5E}.Debug|Any CPU.ActiveCfg = Debug|Any CPU
		{0B6B01BE-7ED5-483C-AB2F-2D78AB325C5E}.Debug|Any CPU.Build.0 = Debug|Any CPU
		{0B6B01BE-7ED5-483C-AB2F-2D78AB325C5E}.Debug|Net35.ActiveCfg = Debug|Any CPU
		{0B6B01BE-7ED5-483C-AB2F-2D78AB325C5E}.Debug|Net35.Build.0 = Debug|Any CPU
		{0B6B01BE-7ED5-483C-AB2F-2D78AB325C5E}.Debug|Net40.ActiveCfg = Debug|Any CPU
		{0B6B01BE-7ED5-483C-AB2F-2D78AB325C5E}.Debug|Net40.Build.0 = Debug|Any CPU
		{0B6B01BE-7ED5-483C-AB2F-2D78AB325C5E}.Debug|WithNRefactory.ActiveCfg = Debug|Any CPU
		{0B6B01BE-7ED5-483C-AB2F-2D78AB325C5E}.Debug|WithNRefactory.Build.0 = Debug|Any CPU
		{0B6B01BE-7ED5-483C-AB2F-2D78AB325C5E}.net_4_5_Debug|Any CPU.ActiveCfg = Debug|Any CPU
		{0B6B01BE-7ED5-483C-AB2F-2D78AB325C5E}.net_4_5_Debug|Any CPU.Build.0 = Debug|Any CPU
		{0B6B01BE-7ED5-483C-AB2F-2D78AB325C5E}.net_4_5_Debug|Net35.ActiveCfg = Debug|Any CPU
		{0B6B01BE-7ED5-483C-AB2F-2D78AB325C5E}.net_4_5_Debug|Net35.Build.0 = Debug|Any CPU
		{0B6B01BE-7ED5-483C-AB2F-2D78AB325C5E}.net_4_5_Debug|Net40.ActiveCfg = Debug|Any CPU
		{0B6B01BE-7ED5-483C-AB2F-2D78AB325C5E}.net_4_5_Debug|Net40.Build.0 = Debug|Any CPU
		{0B6B01BE-7ED5-483C-AB2F-2D78AB325C5E}.net_4_5_Debug|WithNRefactory.ActiveCfg = Debug|Any CPU
		{0B6B01BE-7ED5-483C-AB2F-2D78AB325C5E}.net_4_5_Debug|WithNRefactory.Build.0 = Debug|Any CPU
		{0B6B01BE-7ED5-483C-AB2F-2D78AB325C5E}.net_4_5_Release|Any CPU.ActiveCfg = Release|Any CPU
		{0B6B01BE-7ED5-483C-AB2F-2D78AB325C5E}.net_4_5_Release|Any CPU.Build.0 = Release|Any CPU
		{0B6B01BE-7ED5-483C-AB2F-2D78AB325C5E}.net_4_5_Release|Net35.ActiveCfg = Release|Any CPU
		{0B6B01BE-7ED5-483C-AB2F-2D78AB325C5E}.net_4_5_Release|Net35.Build.0 = Release|Any CPU
		{0B6B01BE-7ED5-483C-AB2F-2D78AB325C5E}.net_4_5_Release|Net40.ActiveCfg = Release|Any CPU
		{0B6B01BE-7ED5-483C-AB2F-2D78AB325C5E}.net_4_5_Release|Net40.Build.0 = Release|Any CPU
		{0B6B01BE-7ED5-483C-AB2F-2D78AB325C5E}.net_4_5_Release|WithNRefactory.ActiveCfg = Release|Any CPU
		{0B6B01BE-7ED5-483C-AB2F-2D78AB325C5E}.net_4_5_Release|WithNRefactory.Build.0 = Release|Any CPU
		{0B6B01BE-7ED5-483C-AB2F-2D78AB325C5E}.Release|Any CPU.ActiveCfg = Release|Any CPU
		{0B6B01BE-7ED5-483C-AB2F-2D78AB325C5E}.Release|Any CPU.Build.0 = Release|Any CPU
		{0B6B01BE-7ED5-483C-AB2F-2D78AB325C5E}.Release|Net35.ActiveCfg = Release|Any CPU
		{0B6B01BE-7ED5-483C-AB2F-2D78AB325C5E}.Release|Net35.Build.0 = Release|Any CPU
		{0B6B01BE-7ED5-483C-AB2F-2D78AB325C5E}.Release|Net40.ActiveCfg = Release|Any CPU
		{0B6B01BE-7ED5-483C-AB2F-2D78AB325C5E}.Release|Net40.Build.0 = Release|Any CPU
		{0B6B01BE-7ED5-483C-AB2F-2D78AB325C5E}.Release|WithNRefactory.ActiveCfg = Release|Any CPU
		{0B6B01BE-7ED5-483C-AB2F-2D78AB325C5E}.Release|WithNRefactory.Build.0 = Release|Any CPU
		{0B6B01BE-7ED5-483C-AB2F-2D78AB325C5E}.Silverlight|Any CPU.ActiveCfg = Release|Any CPU
		{0B6B01BE-7ED5-483C-AB2F-2D78AB325C5E}.Silverlight|Any CPU.Build.0 = Release|Any CPU
		{0B6B01BE-7ED5-483C-AB2F-2D78AB325C5E}.Silverlight|Net35.ActiveCfg = Release|Any CPU
		{0B6B01BE-7ED5-483C-AB2F-2D78AB325C5E}.Silverlight|Net35.Build.0 = Release|Any CPU
		{0B6B01BE-7ED5-483C-AB2F-2D78AB325C5E}.Silverlight|Net40.ActiveCfg = Release|Any CPU
		{0B6B01BE-7ED5-483C-AB2F-2D78AB325C5E}.Silverlight|Net40.Build.0 = Release|Any CPU
		{0B6B01BE-7ED5-483C-AB2F-2D78AB325C5E}.Silverlight|WithNRefactory.ActiveCfg = Release|Any CPU
		{0B6B01BE-7ED5-483C-AB2F-2D78AB325C5E}.Silverlight|WithNRefactory.Build.0 = Release|Any CPU
		{0B6B01BE-7ED5-483C-AB2F-2D78AB325C5E}.WPF|Any CPU.ActiveCfg = Release|Any CPU
		{0B6B01BE-7ED5-483C-AB2F-2D78AB325C5E}.WPF|Any CPU.Build.0 = Release|Any CPU
		{0B6B01BE-7ED5-483C-AB2F-2D78AB325C5E}.WPF|Net35.ActiveCfg = Release|Any CPU
		{0B6B01BE-7ED5-483C-AB2F-2D78AB325C5E}.WPF|Net35.Build.0 = Release|Any CPU
		{0B6B01BE-7ED5-483C-AB2F-2D78AB325C5E}.WPF|Net40.ActiveCfg = Release|Any CPU
		{0B6B01BE-7ED5-483C-AB2F-2D78AB325C5E}.WPF|Net40.Build.0 = Release|Any CPU
		{0B6B01BE-7ED5-483C-AB2F-2D78AB325C5E}.WPF|WithNRefactory.ActiveCfg = Release|Any CPU
		{0B6B01BE-7ED5-483C-AB2F-2D78AB325C5E}.WPF|WithNRefactory.Build.0 = Release|Any CPU
		{2D260CCA-E452-4E99-90CE-9C1CBBEC09B5}.Debug|Any CPU.ActiveCfg = Debug|Any CPU
		{2D260CCA-E452-4E99-90CE-9C1CBBEC09B5}.Debug|Any CPU.Build.0 = Debug|Any CPU
		{2D260CCA-E452-4E99-90CE-9C1CBBEC09B5}.Debug|Net35.ActiveCfg = Debug|Any CPU
		{2D260CCA-E452-4E99-90CE-9C1CBBEC09B5}.Debug|Net35.Build.0 = Debug|Any CPU
		{2D260CCA-E452-4E99-90CE-9C1CBBEC09B5}.Debug|Net40.ActiveCfg = Debug|Any CPU
		{2D260CCA-E452-4E99-90CE-9C1CBBEC09B5}.Debug|Net40.Build.0 = Debug|Any CPU
		{2D260CCA-E452-4E99-90CE-9C1CBBEC09B5}.Debug|WithNRefactory.ActiveCfg = Debug|Any CPU
		{2D260CCA-E452-4E99-90CE-9C1CBBEC09B5}.Debug|WithNRefactory.Build.0 = Debug|Any CPU
		{2D260CCA-E452-4E99-90CE-9C1CBBEC09B5}.net_4_5_Debug|Any CPU.ActiveCfg = Debug|Any CPU
		{2D260CCA-E452-4E99-90CE-9C1CBBEC09B5}.net_4_5_Debug|Any CPU.Build.0 = Debug|Any CPU
		{2D260CCA-E452-4E99-90CE-9C1CBBEC09B5}.net_4_5_Debug|Net35.ActiveCfg = Debug|Any CPU
		{2D260CCA-E452-4E99-90CE-9C1CBBEC09B5}.net_4_5_Debug|Net35.Build.0 = Debug|Any CPU
		{2D260CCA-E452-4E99-90CE-9C1CBBEC09B5}.net_4_5_Debug|Net40.ActiveCfg = Debug|Any CPU
		{2D260CCA-E452-4E99-90CE-9C1CBBEC09B5}.net_4_5_Debug|Net40.Build.0 = Debug|Any CPU
		{2D260CCA-E452-4E99-90CE-9C1CBBEC09B5}.net_4_5_Debug|WithNRefactory.ActiveCfg = Debug|Any CPU
		{2D260CCA-E452-4E99-90CE-9C1CBBEC09B5}.net_4_5_Debug|WithNRefactory.Build.0 = Debug|Any CPU
		{2D260CCA-E452-4E99-90CE-9C1CBBEC09B5}.net_4_5_Release|Any CPU.ActiveCfg = Release|Any CPU
		{2D260CCA-E452-4E99-90CE-9C1CBBEC09B5}.net_4_5_Release|Any CPU.Build.0 = Release|Any CPU
		{2D260CCA-E452-4E99-90CE-9C1CBBEC09B5}.net_4_5_Release|Net35.ActiveCfg = Release|Any CPU
		{2D260CCA-E452-4E99-90CE-9C1CBBEC09B5}.net_4_5_Release|Net35.Build.0 = Release|Any CPU
		{2D260CCA-E452-4E99-90CE-9C1CBBEC09B5}.net_4_5_Release|Net40.ActiveCfg = Release|Any CPU
		{2D260CCA-E452-4E99-90CE-9C1CBBEC09B5}.net_4_5_Release|Net40.Build.0 = Release|Any CPU
		{2D260CCA-E452-4E99-90CE-9C1CBBEC09B5}.net_4_5_Release|WithNRefactory.ActiveCfg = Release|Any CPU
		{2D260CCA-E452-4E99-90CE-9C1CBBEC09B5}.net_4_5_Release|WithNRefactory.Build.0 = Release|Any CPU
		{2D260CCA-E452-4E99-90CE-9C1CBBEC09B5}.Release|Any CPU.ActiveCfg = Release|Any CPU
		{2D260CCA-E452-4E99-90CE-9C1CBBEC09B5}.Release|Any CPU.Build.0 = Release|Any CPU
		{2D260CCA-E452-4E99-90CE-9C1CBBEC09B5}.Release|Net35.ActiveCfg = Release|Any CPU
		{2D260CCA-E452-4E99-90CE-9C1CBBEC09B5}.Release|Net35.Build.0 = Release|Any CPU
		{2D260CCA-E452-4E99-90CE-9C1CBBEC09B5}.Release|Net40.ActiveCfg = Release|Any CPU
		{2D260CCA-E452-4E99-90CE-9C1CBBEC09B5}.Release|Net40.Build.0 = Release|Any CPU
		{2D260CCA-E452-4E99-90CE-9C1CBBEC09B5}.Release|WithNRefactory.ActiveCfg = Release|Any CPU
		{2D260CCA-E452-4E99-90CE-9C1CBBEC09B5}.Release|WithNRefactory.Build.0 = Release|Any CPU
		{2D260CCA-E452-4E99-90CE-9C1CBBEC09B5}.Silverlight|Any CPU.ActiveCfg = Release|Any CPU
		{2D260CCA-E452-4E99-90CE-9C1CBBEC09B5}.Silverlight|Any CPU.Build.0 = Release|Any CPU
		{2D260CCA-E452-4E99-90CE-9C1CBBEC09B5}.Silverlight|Net35.ActiveCfg = Release|Any CPU
		{2D260CCA-E452-4E99-90CE-9C1CBBEC09B5}.Silverlight|Net35.Build.0 = Release|Any CPU
		{2D260CCA-E452-4E99-90CE-9C1CBBEC09B5}.Silverlight|Net40.ActiveCfg = Release|Any CPU
		{2D260CCA-E452-4E99-90CE-9C1CBBEC09B5}.Silverlight|Net40.Build.0 = Release|Any CPU
		{2D260CCA-E452-4E99-90CE-9C1CBBEC09B5}.Silverlight|WithNRefactory.ActiveCfg = Release|Any CPU
		{2D260CCA-E452-4E99-90CE-9C1CBBEC09B5}.Silverlight|WithNRefactory.Build.0 = Release|Any CPU
		{2D260CCA-E452-4E99-90CE-9C1CBBEC09B5}.WPF|Any CPU.ActiveCfg = Release|Any CPU
		{2D260CCA-E452-4E99-90CE-9C1CBBEC09B5}.WPF|Any CPU.Build.0 = Release|Any CPU
		{2D260CCA-E452-4E99-90CE-9C1CBBEC09B5}.WPF|Net35.ActiveCfg = Release|Any CPU
		{2D260CCA-E452-4E99-90CE-9C1CBBEC09B5}.WPF|Net35.Build.0 = Release|Any CPU
		{2D260CCA-E452-4E99-90CE-9C1CBBEC09B5}.WPF|Net40.ActiveCfg = Release|Any CPU
		{2D260CCA-E452-4E99-90CE-9C1CBBEC09B5}.WPF|Net40.Build.0 = Release|Any CPU
		{2D260CCA-E452-4E99-90CE-9C1CBBEC09B5}.WPF|WithNRefactory.ActiveCfg = Release|Any CPU
		{2D260CCA-E452-4E99-90CE-9C1CBBEC09B5}.WPF|WithNRefactory.Build.0 = Release|Any CPU
		{62898F6A-A098-45A8-B6F7-FA8C125A51D0}.Debug|Any CPU.ActiveCfg = Debug|Any CPU
		{62898F6A-A098-45A8-B6F7-FA8C125A51D0}.Debug|Any CPU.Build.0 = Debug|Any CPU
		{62898F6A-A098-45A8-B6F7-FA8C125A51D0}.Debug|Net35.ActiveCfg = Debug|Any CPU
		{62898F6A-A098-45A8-B6F7-FA8C125A51D0}.Debug|Net35.Build.0 = Debug|Any CPU
		{62898F6A-A098-45A8-B6F7-FA8C125A51D0}.Debug|Net40.ActiveCfg = Debug|Any CPU
		{62898F6A-A098-45A8-B6F7-FA8C125A51D0}.Debug|Net40.Build.0 = Debug|Any CPU
		{62898F6A-A098-45A8-B6F7-FA8C125A51D0}.Debug|WithNRefactory.ActiveCfg = Debug|Any CPU
		{62898F6A-A098-45A8-B6F7-FA8C125A51D0}.Debug|WithNRefactory.Build.0 = Debug|Any CPU
		{62898F6A-A098-45A8-B6F7-FA8C125A51D0}.net_4_5_Debug|Any CPU.ActiveCfg = Debug|Any CPU
		{62898F6A-A098-45A8-B6F7-FA8C125A51D0}.net_4_5_Debug|Any CPU.Build.0 = Debug|Any CPU
		{62898F6A-A098-45A8-B6F7-FA8C125A51D0}.net_4_5_Debug|Net35.ActiveCfg = Debug|Any CPU
		{62898F6A-A098-45A8-B6F7-FA8C125A51D0}.net_4_5_Debug|Net35.Build.0 = Debug|Any CPU
		{62898F6A-A098-45A8-B6F7-FA8C125A51D0}.net_4_5_Debug|Net40.ActiveCfg = Debug|Any CPU
		{62898F6A-A098-45A8-B6F7-FA8C125A51D0}.net_4_5_Debug|Net40.Build.0 = Debug|Any CPU
		{62898F6A-A098-45A8-B6F7-FA8C125A51D0}.net_4_5_Debug|WithNRefactory.ActiveCfg = Debug|Any CPU
		{62898F6A-A098-45A8-B6F7-FA8C125A51D0}.net_4_5_Debug|WithNRefactory.Build.0 = Debug|Any CPU
		{62898F6A-A098-45A8-B6F7-FA8C125A51D0}.net_4_5_Release|Any CPU.ActiveCfg = Release|Any CPU
		{62898F6A-A098-45A8-B6F7-FA8C125A51D0}.net_4_5_Release|Any CPU.Build.0 = Release|Any CPU
		{62898F6A-A098-45A8-B6F7-FA8C125A51D0}.net_4_5_Release|Net35.ActiveCfg = Release|Any CPU
		{62898F6A-A098-45A8-B6F7-FA8C125A51D0}.net_4_5_Release|Net35.Build.0 = Release|Any CPU
		{62898F6A-A098-45A8-B6F7-FA8C125A51D0}.net_4_5_Release|Net40.ActiveCfg = Release|Any CPU
		{62898F6A-A098-45A8-B6F7-FA8C125A51D0}.net_4_5_Release|Net40.Build.0 = Release|Any CPU
		{62898F6A-A098-45A8-B6F7-FA8C125A51D0}.net_4_5_Release|WithNRefactory.ActiveCfg = Release|Any CPU
		{62898F6A-A098-45A8-B6F7-FA8C125A51D0}.net_4_5_Release|WithNRefactory.Build.0 = Release|Any CPU
		{62898F6A-A098-45A8-B6F7-FA8C125A51D0}.Release|Any CPU.ActiveCfg = Release|Any CPU
		{62898F6A-A098-45A8-B6F7-FA8C125A51D0}.Release|Any CPU.Build.0 = Release|Any CPU
		{62898F6A-A098-45A8-B6F7-FA8C125A51D0}.Release|Net35.ActiveCfg = Release|Any CPU
		{62898F6A-A098-45A8-B6F7-FA8C125A51D0}.Release|Net35.Build.0 = Release|Any CPU
		{62898F6A-A098-45A8-B6F7-FA8C125A51D0}.Release|Net40.ActiveCfg = Release|Any CPU
		{62898F6A-A098-45A8-B6F7-FA8C125A51D0}.Release|Net40.Build.0 = Release|Any CPU
		{62898F6A-A098-45A8-B6F7-FA8C125A51D0}.Release|WithNRefactory.ActiveCfg = Release|Any CPU
		{62898F6A-A098-45A8-B6F7-FA8C125A51D0}.Release|WithNRefactory.Build.0 = Release|Any CPU
		{62898F6A-A098-45A8-B6F7-FA8C125A51D0}.Silverlight|Any CPU.ActiveCfg = Release|Any CPU
		{62898F6A-A098-45A8-B6F7-FA8C125A51D0}.Silverlight|Any CPU.Build.0 = Release|Any CPU
		{62898F6A-A098-45A8-B6F7-FA8C125A51D0}.Silverlight|Net35.ActiveCfg = Release|Any CPU
		{62898F6A-A098-45A8-B6F7-FA8C125A51D0}.Silverlight|Net35.Build.0 = Release|Any CPU
		{62898F6A-A098-45A8-B6F7-FA8C125A51D0}.Silverlight|Net40.ActiveCfg = Release|Any CPU
		{62898F6A-A098-45A8-B6F7-FA8C125A51D0}.Silverlight|Net40.Build.0 = Release|Any CPU
		{62898F6A-A098-45A8-B6F7-FA8C125A51D0}.Silverlight|WithNRefactory.ActiveCfg = Release|Any CPU
		{62898F6A-A098-45A8-B6F7-FA8C125A51D0}.Silverlight|WithNRefactory.Build.0 = Release|Any CPU
		{62898F6A-A098-45A8-B6F7-FA8C125A51D0}.WPF|Any CPU.ActiveCfg = Release|Any CPU
		{62898F6A-A098-45A8-B6F7-FA8C125A51D0}.WPF|Any CPU.Build.0 = Release|Any CPU
		{62898F6A-A098-45A8-B6F7-FA8C125A51D0}.WPF|Net35.ActiveCfg = Release|Any CPU
		{62898F6A-A098-45A8-B6F7-FA8C125A51D0}.WPF|Net35.Build.0 = Release|Any CPU
		{62898F6A-A098-45A8-B6F7-FA8C125A51D0}.WPF|Net40.ActiveCfg = Release|Any CPU
		{62898F6A-A098-45A8-B6F7-FA8C125A51D0}.WPF|Net40.Build.0 = Release|Any CPU
		{62898F6A-A098-45A8-B6F7-FA8C125A51D0}.WPF|WithNRefactory.ActiveCfg = Release|Any CPU
		{62898F6A-A098-45A8-B6F7-FA8C125A51D0}.WPF|WithNRefactory.Build.0 = Release|Any CPU
	EndGlobalSection
	GlobalSection(SolutionProperties) = preSolution
		HideSolutionNode = FALSE
	EndGlobalSection
	GlobalSection(NestedProjects) = preSolution
		{CB3893D0-BE30-4966-84D0-85B7EFCF91CE} = {774FC20D-EE40-4067-806B-FC6C54961C34}
		{6410A114-190E-4C0A-80ED-8F797DCFFC5D} = {774FC20D-EE40-4067-806B-FC6C54961C34}
		{34208F4A-9419-491A-827A-BE996CFD85FF} = {774FC20D-EE40-4067-806B-FC6C54961C34}
		{DB81988F-E0F2-45A0-A1FD-8C37F3D35244} = {4D7FABE4-EE0B-4856-B411-5AC11913396D}
		{BA72CCE0-A9FB-4995-B496-7FEC5C87B85B} = {4D7FABE4-EE0B-4856-B411-5AC11913396D}
		{488DD8F7-9D3C-4F53-BD1F-84A095D9BC10} = {4D7FABE4-EE0B-4856-B411-5AC11913396D}
		{89286EB4-B4A1-418C-839A-067B00F442D8} = {4D7FABE4-EE0B-4856-B411-5AC11913396D}
		{B3FC3E21-5F2D-4581-AEA2-59F671CFFC21} = {4D7FABE4-EE0B-4856-B411-5AC11913396D}
		{4D7FABE4-EE0B-4856-B411-5AC11913396D} = {8B39D10B-6194-4C39-A982-61B723A6A599}
		{02B93F28-A4E5-4B66-A9EC-AF7764CE95B2} = {8B39D10B-6194-4C39-A982-61B723A6A599}
		{6C55B776-26D4-4DB3-A6AB-87E783B2F3D1} = {02B93F28-A4E5-4B66-A9EC-AF7764CE95B2}
		{52343ACE-4C9C-4C9F-B99A-6D44FC616466} = {8B39D10B-6194-4C39-A982-61B723A6A599}
		{3CD931A4-52E3-4E38-8A0C-8F84CFCE6B41} = {8B39D10B-6194-4C39-A982-61B723A6A599}
		{3B2A5653-EC97-4001-BB9B-D90F1AF2C371} = {3CD931A4-52E3-4E38-8A0C-8F84CFCE6B41}
		{281095D8-D8B3-4A7F-8896-646483FB685C} = {52343ACE-4C9C-4C9F-B99A-6D44FC616466}
		{E7086053-78C7-4BAC-8FE4-BD6EB52CDEF5} = {8B39D10B-6194-4C39-A982-61B723A6A599}
		{CF8E563B-5C37-47C3-8431-056EE13E6A00} = {E7086053-78C7-4BAC-8FE4-BD6EB52CDEF5}
		{EACA540A-1EC6-4C64-8264-AA6EF46FC84A} = {B517FCF9-34DD-4947-B619-0F13E2108238}
		{BC92050E-648D-4FF2-BFF5-81A6B0108DBF} = {774FC20D-EE40-4067-806B-FC6C54961C34}
		{609B2B1F-2817-4898-BEF2-500BA739CE20} = {F3D96ECC-B256-41FC-B791-B4F12D15788D}
		{0B6B01BE-7ED5-483C-AB2F-2D78AB325C5E} = {F3D96ECC-B256-41FC-B791-B4F12D15788D}
		{2D260CCA-E452-4E99-90CE-9C1CBBEC09B5} = {6410A114-190E-4C0A-80ED-8F797DCFFC5D}
		{62898F6A-A098-45A8-B6F7-FA8C125A51D0} = {6410A114-190E-4C0A-80ED-8F797DCFFC5D}
	EndGlobalSection
EndGlobal
